{
  "version": 4,
  "terraform_version": "1.4.6",
  "serial": 254,
  "lineage": "b9338ebf-fb2c-84db-a8ef-57b7afdd3f7c",
  "outputs": {
    "website_url": {
      "value": "aws_s3_bucket_website_configuration.hosting_bucket_website_config.website_endpoint",
      "type": "string"
    }
  },
  "resources": [
    {
      "mode": "data",
      "type": "archive_file",
      "name": "lambda",
      "provider": "provider[\"registry.terraform.io/hashicorp/archive\"]",
      "instances": [
        {
          "schema_version": 0,
          "attributes": {
            "excludes": null,
            "id": "3f48dd702d5abed24403f54cf7e9f243ea6eab70",
            "output_base64sha256": "ee1+hlr7YrXB0PGD25rZYLzPxVgunJu4xPuCiemBaLQ=",
            "output_file_mode": null,
            "output_md5": "35b6bec442fe46f565d3b40b7bb26612",
            "output_path": "app.zip",
            "output_sha": "3f48dd702d5abed24403f54cf7e9f243ea6eab70",
            "output_size": 2450,
            "source": [],
            "source_content": null,
            "source_content_filename": null,
            "source_dir": null,
            "source_file": "app.zip",
            "type": "zip"
          },
          "sensitive_attributes": []
        }
      ]
    },
    {
      "mode": "managed",
      "type": "aws_acm_certificate",
      "name": "MyCertificate",
      "provider": "provider[\"registry.terraform.io/hashicorp/aws\"]",
      "instances": [
        {
          "schema_version": 0,
          "attributes": {
            "arn": "arn:aws:acm:eu-west-2:952832413145:certificate/5f537098-f8e7-4e92-9733-89a629a48016",
            "certificate_authority_arn": "",
            "certificate_body": null,
            "certificate_chain": null,
            "domain_name": "alexandertnewell.com",
            "domain_validation_options": [
              {
                "domain_name": "alexandertnewell.com",
                "resource_record_name": "_3dd626b71608f00d415f263308e0e2fb.alexandertnewell.com.",
                "resource_record_type": "CNAME",
                "resource_record_value": "_08b8eb68d7a21cbd4e5721318f7213cc.nbnhgqgzdr.acm-validations.aws."
              }
            ],
            "early_renewal_duration": "",
            "id": "arn:aws:acm:eu-west-2:952832413145:certificate/5f537098-f8e7-4e92-9733-89a629a48016",
            "key_algorithm": "RSA_2048",
            "not_after": "2024-07-03T23:59:59Z",
            "not_before": "2023-06-05T00:00:00Z",
            "options": [
              {
                "certificate_transparency_logging_preference": "ENABLED"
              }
            ],
            "pending_renewal": false,
            "private_key": null,
            "renewal_eligibility": "INELIGIBLE",
            "renewal_summary": [],
            "status": "ISSUED",
            "subject_alternative_names": [
              "alexandertnewell.com"
            ],
            "tags": {},
            "tags_all": {},
            "type": "AMAZON_ISSUED",
            "validation_emails": [],
            "validation_method": "DNS",
            "validation_option": []
          },
          "sensitive_attributes": [],
          "private": "bnVsbA=="
        }
      ]
    },
    {
      "mode": "managed",
      "type": "aws_acm_certificate_validation",
      "name": "MyCertificateValidation",
      "provider": "provider[\"registry.terraform.io/hashicorp/aws\"]",
      "instances": [
        {
          "schema_version": 0,
          "attributes": {
            "certificate_arn": "arn:aws:acm:eu-west-2:952832413145:certificate/5f537098-f8e7-4e92-9733-89a629a48016",
            "id": "2023-06-05 15:23:00.74 +0000 UTC",
            "timeouts": null,
            "validation_record_fqdns": null
          },
          "sensitive_attributes": [],
          "private": "eyJlMmJmYjczMC1lY2FhLTExZTYtOGY4OC0zNDM2M2JjN2M0YzAiOnsiY3JlYXRlIjo0NTAwMDAwMDAwMDAwfX0=",
          "dependencies": [
            "aws_acm_certificate.MyCertificate"
          ]
        }
      ]
    },
    {
      "mode": "managed",
      "type": "aws_api_gateway_deployment",
      "name": "deployment1",
      "provider": "provider[\"registry.terraform.io/hashicorp/aws\"]",
      "instances": [
        {
          "schema_version": 0,
          "attributes": {
            "created_date": "2023-06-07T09:39:14Z",
            "description": "",
            "execution_arn": "arn:aws:execute-api:eu-west-2:952832413145:5gi3r9hh4a/",
            "id": "9mpv5d",
            "invoke_url": "https://5gi3r9hh4a.execute-api.eu-west-2.amazonaws.com/",
            "rest_api_id": "5gi3r9hh4a",
            "stage_description": null,
            "stage_name": null,
            "triggers": null,
            "variables": null
          },
          "sensitive_attributes": [],
          "private": "bnVsbA==",
          "dependencies": [
            "aws_api_gateway_integration.integration_get",
            "aws_api_gateway_method.get",
            "aws_api_gateway_resource.resource",
            "aws_api_gateway_rest_api.counter_api",
            "aws_iam_role.role",
            "aws_lambda_function.counter"
          ],
          "create_before_destroy": true
        }
      ]
    },
    {
      "mode": "managed",
      "type": "aws_api_gateway_integration",
      "name": "integration_get",
      "provider": "provider[\"registry.terraform.io/hashicorp/aws\"]",
      "instances": [
        {
          "schema_version": 0,
          "attributes": {
            "cache_key_parameters": [],
            "cache_namespace": "c9ylon",
            "connection_id": "",
            "connection_type": "INTERNET",
            "content_handling": "",
            "credentials": "",
            "http_method": "GET",
            "id": "agi-5gi3r9hh4a-c9ylon-GET",
            "integration_http_method": "POST",
            "passthrough_behavior": "WHEN_NO_MATCH",
            "request_parameters": {},
            "request_templates": {},
            "resource_id": "c9ylon",
            "rest_api_id": "5gi3r9hh4a",
            "timeout_milliseconds": 29000,
            "tls_config": [],
            "type": "AWS_PROXY",
            "uri": "arn:aws:apigateway:eu-west-2:lambda:path/2015-03-31/functions/arn:aws:lambda:eu-west-2:952832413145:function:Alder/invocations"
          },
          "sensitive_attributes": [],
          "private": "bnVsbA==",
          "dependencies": [
            "aws_api_gateway_method.get",
            "aws_api_gateway_resource.resource",
            "aws_api_gateway_rest_api.counter_api",
            "aws_iam_role.role",
            "aws_lambda_function.counter"
          ],
          "create_before_destroy": true
        }
      ]
    },
    {
      "mode": "managed",
      "type": "aws_api_gateway_integration",
      "name": "integration_post",
      "provider": "provider[\"registry.terraform.io/hashicorp/aws\"]",
      "instances": [
        {
          "schema_version": 0,
          "attributes": {
            "cache_key_parameters": [],
            "cache_namespace": "c9ylon",
            "connection_id": "",
            "connection_type": "INTERNET",
            "content_handling": "",
            "credentials": "",
            "http_method": "POST",
            "id": "agi-5gi3r9hh4a-c9ylon-POST",
            "integration_http_method": "POST",
            "passthrough_behavior": "WHEN_NO_MATCH",
            "request_parameters": {},
            "request_templates": {},
            "resource_id": "c9ylon",
            "rest_api_id": "5gi3r9hh4a",
            "timeout_milliseconds": 29000,
            "tls_config": [],
            "type": "AWS_PROXY",
            "uri": "arn:aws:apigateway:eu-west-2:lambda:path/2015-03-31/functions/arn:aws:lambda:eu-west-2:952832413145:function:Alder/invocations"
          },
          "sensitive_attributes": [],
          "private": "bnVsbA==",
          "dependencies": [
            "aws_api_gateway_method.post",
            "aws_api_gateway_resource.resource",
            "aws_api_gateway_rest_api.counter_api",
            "aws_iam_role.role",
            "aws_lambda_function.counter"
          ]
        }
      ]
    },
    {
      "mode": "managed",
      "type": "aws_api_gateway_method",
      "name": "get",
      "provider": "provider[\"registry.terraform.io/hashicorp/aws\"]",
      "instances": [
        {
          "schema_version": 0,
          "attributes": {
            "api_key_required": false,
            "authorization": "NONE",
            "authorization_scopes": [],
            "authorizer_id": "",
            "http_method": "GET",
            "id": "agm-5gi3r9hh4a-c9ylon-GET",
            "operation_name": "",
            "request_models": {},
            "request_parameters": {},
            "request_validator_id": "",
            "resource_id": "c9ylon",
            "rest_api_id": "5gi3r9hh4a"
          },
          "sensitive_attributes": [],
          "private": "bnVsbA==",
          "dependencies": [
            "aws_api_gateway_resource.resource",
            "aws_api_gateway_rest_api.counter_api"
          ],
          "create_before_destroy": true
        }
      ]
    },
    {
      "mode": "managed",
      "type": "aws_api_gateway_method",
      "name": "post",
      "provider": "provider[\"registry.terraform.io/hashicorp/aws\"]",
      "instances": [
        {
          "schema_version": 0,
          "attributes": {
            "api_key_required": false,
            "authorization": "NONE",
            "authorization_scopes": [],
            "authorizer_id": "",
            "http_method": "POST",
            "id": "agm-5gi3r9hh4a-c9ylon-POST",
            "operation_name": "",
            "request_models": {},
            "request_parameters": {},
            "request_validator_id": "",
            "resource_id": "c9ylon",
            "rest_api_id": "5gi3r9hh4a"
          },
          "sensitive_attributes": [],
          "private": "bnVsbA==",
          "dependencies": [
            "aws_api_gateway_resource.resource",
            "aws_api_gateway_rest_api.counter_api"
          ]
        }
      ]
    },
    {
      "mode": "managed",
      "type": "aws_api_gateway_resource",
      "name": "resource",
      "provider": "provider[\"registry.terraform.io/hashicorp/aws\"]",
      "instances": [
        {
          "schema_version": 0,
          "attributes": {
            "id": "c9ylon",
            "parent_id": "yvjjn60wck",
            "path": "/get",
            "path_part": "get",
            "rest_api_id": "5gi3r9hh4a"
          },
          "sensitive_attributes": [],
          "private": "bnVsbA==",
          "dependencies": [
            "aws_api_gateway_rest_api.counter_api"
          ],
          "create_before_destroy": true
        }
      ]
    },
    {
      "mode": "managed",
      "type": "aws_api_gateway_rest_api",
      "name": "counter_api",
      "provider": "provider[\"registry.terraform.io/hashicorp/aws\"]",
      "instances": [
        {
          "schema_version": 0,
          "attributes": {
            "api_key_source": "HEADER",
            "arn": "arn:aws:apigateway:eu-west-2::/restapis/5gi3r9hh4a",
            "binary_media_types": [],
            "body": null,
            "created_date": "2023-06-06T14:36:03Z",
            "description": "",
            "disable_execute_api_endpoint": false,
            "endpoint_configuration": [
              {
                "types": [
                  "REGIONAL"
                ],
                "vpc_endpoint_ids": []
              }
            ],
            "execution_arn": "arn:aws:execute-api:eu-west-2:952832413145:5gi3r9hh4a",
            "fail_on_warnings": null,
            "id": "5gi3r9hh4a",
            "minimum_compression_size": "",
            "name": "Kildare",
            "parameters": null,
            "policy": "",
            "put_rest_api_mode": null,
            "root_resource_id": "yvjjn60wck",
            "tags": {},
            "tags_all": {}
          },
          "sensitive_attributes": [],
          "private": "bnVsbA==",
          "create_before_destroy": true
        }
      ]
    },
    {
      "mode": "managed",
      "type": "aws_api_gateway_stage",
      "name": "example",
      "provider": "provider[\"registry.terraform.io/hashicorp/aws\"]",
      "instances": [
        {
          "schema_version": 0,
          "attributes": {
            "access_log_settings": [],
            "arn": "arn:aws:apigateway:eu-west-2::/restapis/5gi3r9hh4a/stages/test",
            "cache_cluster_enabled": false,
            "cache_cluster_size": "",
            "canary_settings": [],
            "client_certificate_id": "",
            "deployment_id": "9mpv5d",
            "description": "",
            "documentation_version": "",
            "execution_arn": "arn:aws:execute-api:eu-west-2:952832413145:5gi3r9hh4a/test",
            "id": "ags-5gi3r9hh4a-test",
            "invoke_url": "https://5gi3r9hh4a.execute-api.eu-west-2.amazonaws.com/test",
            "rest_api_id": "5gi3r9hh4a",
            "stage_name": "test",
            "tags": {},
            "tags_all": {},
            "variables": {},
            "web_acl_arn": "",
            "xray_tracing_enabled": false
          },
          "sensitive_attributes": [],
          "private": "bnVsbA==",
          "dependencies": [
            "aws_api_gateway_deployment.deployment1",
            "aws_api_gateway_integration.integration_get",
            "aws_api_gateway_method.get",
            "aws_api_gateway_resource.resource",
            "aws_api_gateway_rest_api.counter_api",
            "aws_iam_role.role",
            "aws_lambda_function.counter"
          ]
        }
      ]
    },
    {
      "mode": "managed",
      "type": "aws_cloudfront_distribution",
      "name": "s3_distribution",
      "provider": "provider[\"registry.terraform.io/hashicorp/aws\"]",
      "instances": [
        {
          "schema_version": 1,
          "attributes": {
            "aliases": [
              "alexandertnewell.com"
            ],
            "arn": "arn:aws:cloudfront::952832413145:distribution/E2GCQBCP9Z9P60",
            "caller_reference": "terraform-20230605153938592700000001",
            "comment": "Some comment",
            "custom_error_response": [],
            "default_cache_behavior": [
              {
                "allowed_methods": [
                  "DELETE",
                  "GET",
                  "HEAD",
                  "OPTIONS",
                  "PATCH",
                  "POST",
                  "PUT"
                ],
                "cache_policy_id": "",
                "cached_methods": [
                  "GET",
                  "HEAD"
                ],
                "compress": false,
                "default_ttl": 0,
                "field_level_encryption_id": "",
                "forwarded_values": [
                  {
                    "cookies": [
                      {
                        "forward": "none",
                        "whitelisted_names": []
                      }
                    ],
                    "headers": [],
                    "query_string": false,
                    "query_string_cache_keys": []
                  }
                ],
                "function_association": [],
                "lambda_function_association": [],
                "max_ttl": 0,
                "min_ttl": 0,
                "origin_request_policy_id": "",
                "realtime_log_config_arn": "",
                "response_headers_policy_id": "",
                "smooth_streaming": false,
                "target_origin_id": "hms-victory.s3-website.eu-west-2.amazonaws.com",
                "trusted_key_groups": [],
                "trusted_signers": [],
                "viewer_protocol_policy": "allow-all"
              }
            ],
            "default_root_object": "index.html",
            "domain_name": "d1pa9ln5ubbolx.cloudfront.net",
            "enabled": true,
            "etag": "E19MM7SWTMN4GD",
            "hosted_zone_id": "Z2FDTNDATAQYW2",
            "http_version": "http2",
            "id": "E2GCQBCP9Z9P60",
            "in_progress_validation_batches": 0,
            "is_ipv6_enabled": true,
            "last_modified_time": "2023-06-22 09:35:04.621 +0000 UTC",
            "logging_config": [],
            "ordered_cache_behavior": [],
            "origin": [
              {
                "connection_attempts": 3,
                "connection_timeout": 10,
                "custom_header": [],
                "custom_origin_config": [
                  {
                    "http_port": 80,
                    "https_port": 443,
                    "origin_keepalive_timeout": 5,
                    "origin_protocol_policy": "match-viewer",
                    "origin_read_timeout": 30,
                    "origin_ssl_protocols": [
                      "SSLv3"
                    ]
                  }
                ],
                "domain_name": "hms-victory.s3.eu-west-2.amazonaws.com",
                "origin_access_control_id": "",
                "origin_id": "hms-victory.s3-website.eu-west-2.amazonaws.com",
                "origin_path": "",
                "origin_shield": [],
                "s3_origin_config": []
              }
            ],
            "origin_group": [],
            "price_class": "PriceClass_100",
            "restrictions": [
              {
                "geo_restriction": [
                  {
                    "locations": [
                      "AU",
                      "CA",
                      "DE",
                      "DK",
                      "GB",
                      "IE",
                      "NL",
                      "NO",
                      "NZ",
                      "SE",
                      "US"
                    ],
                    "restriction_type": "whitelist"
                  }
                ]
              }
            ],
            "retain_on_delete": false,
            "status": "Deployed",
            "tags": {},
            "tags_all": {},
            "trusted_key_groups": [
              {
                "enabled": false,
                "items": []
              }
            ],
            "trusted_signers": [
              {
                "enabled": false,
                "items": []
              }
            ],
            "viewer_certificate": [
              {
                "acm_certificate_arn": "arn:aws:acm:us-east-1:952832413145:certificate/6998680e-fdf8-400b-8f03-a9e5630e5254",
                "cloudfront_default_certificate": false,
                "iam_certificate_id": "",
                "minimum_protocol_version": "TLSv1",
                "ssl_support_method": "sni-only"
              }
            ],
            "wait_for_deployment": true,
            "web_acl_id": ""
          },
          "sensitive_attributes": [],
          "private": "eyJzY2hlbWFfdmVyc2lvbiI6IjEifQ==",
          "dependencies": [
            "aws_s3_bucket.hosting_bucket"
          ]
        }
      ]
    },
    {
      "mode": "managed",
      "type": "aws_cloudwatch_log_group",
      "name": "count_function_log",
      "provider": "provider[\"registry.terraform.io/hashicorp/aws\"]",
      "instances": [
        {
          "schema_version": 0,
          "attributes": {
            "arn": "arn:aws:logs:eu-west-2:952832413145:log-group:/aws/lambda/Alder",
            "id": "/aws/lambda/Alder",
            "kms_key_id": "",
            "name": "/aws/lambda/Alder",
            "name_prefix": "",
            "retention_in_days": 1,
            "skip_destroy": false,
            "tags": {},
            "tags_all": {}
          },
          "sensitive_attributes": [],
          "private": "bnVsbA==",
          "dependencies": [
            "aws_iam_role.role",
            "aws_lambda_function.counter"
          ]
        }
      ]
    },
    {
      "mode": "managed",
      "type": "aws_dynamodb_table",
      "name": "basic-dynamodb-table",
      "provider": "provider[\"registry.terraform.io/hashicorp/aws\"]",
      "instances": [
        {
          "schema_version": 1,
          "attributes": {
            "arn": "arn:aws:dynamodb:eu-west-2:952832413145:table/VisitorsTable",
            "attribute": [
              {
                "name": "ID",
                "type": "S"
              },
              {
                "name": "UserId",
                "type": "S"
              }
            ],
            "billing_mode": "PAY_PER_REQUEST",
            "deletion_protection_enabled": false,
            "global_secondary_index": [],
            "hash_key": "UserId",
            "id": "VisitorsTable",
            "local_secondary_index": [],
            "name": "VisitorsTable",
            "point_in_time_recovery": [
              {
                "enabled": false
              }
            ],
            "range_key": "ID",
            "read_capacity": 0,
            "replica": [],
            "restore_date_time": null,
            "restore_source_name": null,
            "restore_to_latest_time": null,
            "server_side_encryption": [],
            "stream_arn": "",
            "stream_enabled": false,
            "stream_label": "",
            "stream_view_type": "",
            "table_class": "STANDARD",
            "tags": {},
            "tags_all": {},
            "timeouts": null,
            "ttl": [
              {
                "attribute_name": "",
                "enabled": false
              }
            ],
            "write_capacity": 0
          },
          "sensitive_attributes": [],
          "private": "eyJlMmJmYjczMC1lY2FhLTExZTYtOGY4OC0zNDM2M2JjN2M0YzAiOnsiY3JlYXRlIjoxODAwMDAwMDAwMDAwLCJkZWxldGUiOjYwMDAwMDAwMDAwMCwidXBkYXRlIjozNjAwMDAwMDAwMDAwfSwic2NoZW1hX3ZlcnNpb24iOiIxIn0="
        }
      ]
    },
    {
      "mode": "managed",
      "type": "aws_iam_policy",
      "name": "policy",
      "provider": "provider[\"registry.terraform.io/hashicorp/aws\"]",
      "instances": [
        {
          "schema_version": 0,
          "attributes": {
            "arn": "arn:aws:iam::952832413145:policy/Burgundy",
            "description": "Update count in a dynamodb table",
            "id": "arn:aws:iam::952832413145:policy/Burgundy",
            "name": "Burgundy",
            "name_prefix": "",
            "path": "/",
            "policy": "{\"Statement\":[{\"Action\":[\"dynamodb:GetItem\",\"dynamodb:DeleteItem\",\"dynamodb:PutItem\",\"dynamodb:Scan\",\"dynamodb:Query\",\"dynamodb:UpdateItem\",\"dynamodb:BatchWriteItem\",\"dynamodb:BatchGetItem\",\"dynamodb:DescribeTable\",\"dynamodb:ConditionCheckItem\"],\"Effect\":\"Allow\",\"Resource\":[\"arn:aws:dynamodb:eu-west-2:952832413145:table/VisitorsTable\",\"arn:aws:dynamodb:eu-west-2:952832413145:table/VisitorsTable/index/*\"]}],\"Version\":\"2012-10-17\"}",
            "policy_id": "ANPA53WJ4ZXMWMOORTXSN",
            "tags": {},
            "tags_all": {}
          },
          "sensitive_attributes": [],
          "private": "bnVsbA=="
        }
      ]
    },
    {
      "mode": "managed",
      "type": "aws_iam_role",
      "name": "role",
      "provider": "provider[\"registry.terraform.io/hashicorp/aws\"]",
      "instances": [
        {
          "schema_version": 0,
          "attributes": {
            "arn": "arn:aws:iam::952832413145:role/Superior",
            "assume_role_policy": "{\"Statement\":[{\"Action\":\"sts:AssumeRole\",\"Effect\":\"Allow\",\"Principal\":{\"Service\":\"lambda.amazonaws.com\"},\"Sid\":\"\"}],\"Version\":\"2012-10-17\"}",
            "create_date": "2023-06-07T09:22:47Z",
            "description": "",
            "force_detach_policies": false,
            "id": "Superior",
            "inline_policy": [],
            "managed_policy_arns": [
              "arn:aws:iam::aws:policy/service-role/AWSLambdaBasicExecutionRole"
            ],
            "max_session_duration": 3600,
            "name": "Superior",
            "name_prefix": "",
            "path": "/",
            "permissions_boundary": null,
            "tags": {},
            "tags_all": {},
            "unique_id": "AROA53WJ4ZXMWJGC4AAXX"
          },
          "sensitive_attributes": [],
          "private": "bnVsbA==",
          "create_before_destroy": true
        }
      ]
    },
    {
      "mode": "managed",
      "type": "aws_iam_role_policy_attachment",
      "name": "lambda_logs",
      "provider": "provider[\"registry.terraform.io/hashicorp/aws\"]",
      "instances": [
        {
          "schema_version": 0,
          "attributes": {
            "id": "Superior-20230607092247759700000001",
            "policy_arn": "arn:aws:iam::aws:policy/service-role/AWSLambdaBasicExecutionRole",
            "role": "Superior"
          },
          "sensitive_attributes": [],
          "private": "bnVsbA==",
          "dependencies": [
            "aws_iam_role.role"
          ]
        }
      ]
    },
    {
      "mode": "managed",
      "type": "aws_lambda_function",
      "name": "counter",
      "provider": "provider[\"registry.terraform.io/hashicorp/aws\"]",
      "instances": [
        {
          "schema_version": 0,
          "attributes": {
            "architectures": [
              "x86_64"
            ],
            "arn": "arn:aws:lambda:eu-west-2:952832413145:function:Alder",
            "code_signing_config_arn": "",
            "dead_letter_config": [],
            "description": "",
            "environment": [],
            "ephemeral_storage": [
              {
                "size": 512
              }
            ],
            "file_system_config": [],
            "filename": "app.zip",
            "function_name": "Alder",
            "handler": "app.count_function",
            "id": "Alder",
            "image_config": [],
            "image_uri": "",
            "invoke_arn": "arn:aws:apigateway:eu-west-2:lambda:path/2015-03-31/functions/arn:aws:lambda:eu-west-2:952832413145:function:Alder/invocations",
            "kms_key_arn": "",
            "last_modified": "2023-06-07T09:39:13.983+0000",
            "layers": [],
            "memory_size": 128,
            "package_type": "Zip",
            "publish": false,
            "qualified_arn": "arn:aws:lambda:eu-west-2:952832413145:function:Alder:$LATEST",
            "qualified_invoke_arn": "arn:aws:apigateway:eu-west-2:lambda:path/2015-03-31/functions/arn:aws:lambda:eu-west-2:952832413145:function:Alder:$LATEST/invocations",
            "replace_security_groups_on_destroy": null,
            "replacement_security_group_ids": null,
            "reserved_concurrent_executions": -1,
            "role": "arn:aws:iam::952832413145:role/Superior",
            "runtime": "python3.9",
            "s3_bucket": null,
            "s3_key": null,
            "s3_object_version": null,
            "signing_job_arn": "",
            "signing_profile_version_arn": "",
            "skip_destroy": false,
            "snap_start": [],
            "source_code_hash": "7jj7F7MBiRjsOfwWtxcV6Azq10pRK9yNq3Memv6ukbQ=",
            "source_code_size": 553,
            "tags": {},
            "tags_all": {},
            "timeout": 3,
            "timeouts": null,
            "tracing_config": [
              {
                "mode": "PassThrough"
              }
            ],
            "version": "$LATEST",
            "vpc_config": []
          },
          "sensitive_attributes": [],
          "private": "eyJlMmJmYjczMC1lY2FhLTExZTYtOGY4OC0zNDM2M2JjN2M0YzAiOnsiY3JlYXRlIjo2MDAwMDAwMDAwMDAsImRlbGV0ZSI6NjAwMDAwMDAwMDAwLCJ1cGRhdGUiOjYwMDAwMDAwMDAwMH19",
          "dependencies": [
            "aws_iam_role.role"
          ],
          "create_before_destroy": true
        }
      ]
    },
    {
      "mode": "managed",
      "type": "aws_lambda_permission",
      "name": "apigw_lambda",
      "provider": "provider[\"registry.terraform.io/hashicorp/aws\"]",
      "instances": [
        {
          "schema_version": 0,
          "attributes": {
            "action": "lambda:InvokeFunction",
            "event_source_token": null,
            "function_name": "Alder",
            "function_url_auth_type": null,
            "id": "AllowExecutionFromAPIGateway",
            "principal": "apigateway.amazonaws.com",
            "principal_org_id": null,
            "qualifier": "",
            "source_account": null,
            "source_arn": null,
            "statement_id": "AllowExecutionFromAPIGateway",
            "statement_id_prefix": ""
          },
          "sensitive_attributes": [],
          "private": "bnVsbA==",
          "dependencies": [
            "aws_iam_role.role",
            "aws_lambda_function.counter"
          ]
        }
      ]
    },
    {
      "mode": "managed",
      "type": "aws_route53_record",
      "name": "MyRoute53Record",
      "provider": "provider[\"registry.terraform.io/hashicorp/aws\"]",
      "instances": [
        {
          "schema_version": 2,
          "attributes": {
            "alias": [
              {
                "evaluate_target_health": false,
                "name": "d1pa9ln5ubbolx.cloudfront.net",
                "zone_id": "Z2FDTNDATAQYW2"
              }
            ],
            "allow_overwrite": null,
            "cidr_routing_policy": [],
            "failover_routing_policy": [],
            "fqdn": "alexandertnewell.com",
            "geolocation_routing_policy": [],
            "health_check_id": "",
            "id": "Z05776211BNA88WYGKZ4K_alexandertnewell.com_A",
            "latency_routing_policy": [],
            "multivalue_answer_routing_policy": false,
            "name": "alexandertnewell.com",
            "records": [],
            "set_identifier": "",
            "ttl": 0,
            "type": "A",
            "weighted_routing_policy": [],
            "zone_id": "Z05776211BNA88WYGKZ4K"
          },
          "sensitive_attributes": [],
          "private": "eyJzY2hlbWFfdmVyc2lvbiI6IjIifQ==",
          "dependencies": [
            "aws_cloudfront_distribution.s3_distribution",
            "aws_route53_zone.MyRoute53Zone",
            "aws_s3_bucket.hosting_bucket"
          ]
        }
      ]
    },
    {
      "mode": "managed",
      "type": "aws_route53_zone",
      "name": "MyRoute53Zone",
      "provider": "provider[\"registry.terraform.io/hashicorp/aws\"]",
      "instances": [
        {
          "schema_version": 0,
          "attributes": {
            "arn": "arn:aws:route53:::hostedzone/Z05776211BNA88WYGKZ4K",
            "comment": "Managed by Terraform",
            "delegation_set_id": "",
            "force_destroy": false,
            "id": "Z05776211BNA88WYGKZ4K",
            "name": "alexandertnewell.com",
            "name_servers": [
              "ns-1409.awsdns-48.org",
              "ns-166.awsdns-20.com",
              "ns-1950.awsdns-51.co.uk",
              "ns-928.awsdns-52.net"
            ],
            "primary_name_server": "ns-928.awsdns-52.net",
            "tags": {},
            "tags_all": {},
            "vpc": [],
            "zone_id": "Z05776211BNA88WYGKZ4K"
          },
          "sensitive_attributes": [],
          "private": "bnVsbA=="
        }
      ]
    },
    {
      "mode": "managed",
      "type": "aws_s3_bucket",
      "name": "hosting_bucket",
      "provider": "provider[\"registry.terraform.io/hashicorp/aws\"]",
      "instances": [
        {
          "schema_version": 0,
          "attributes": {
            "acceleration_status": "",
            "acl": null,
            "arn": "arn:aws:s3:::hms-victory",
            "bucket": "hms-victory",
            "bucket_domain_name": "hms-victory.s3.amazonaws.com",
            "bucket_prefix": "",
            "bucket_regional_domain_name": "hms-victory.s3.eu-west-2.amazonaws.com",
            "cors_rule": [],
            "force_destroy": false,
            "grant": [
              {
                "id": "",
                "permissions": [
                  "READ"
                ],
                "type": "Group",
                "uri": "http://acs.amazonaws.com/groups/global/AllUsers"
              },
              {
                "id": "9661e55c48e71fa97db90c394a7444aaf2ecda794cb89667a6e7579dabda9426",
                "permissions": [
                  "FULL_CONTROL"
                ],
                "type": "CanonicalUser",
                "uri": ""
              }
            ],
            "hosted_zone_id": "Z3GKZC51ZF0DB4",
            "id": "hms-victory",
            "lifecycle_rule": [],
            "logging": [],
            "object_lock_configuration": [],
            "object_lock_enabled": false,
            "policy": "{\"Id\":\"MyPolicy\",\"Statement\":[{\"Action\":\"s3:GetObject\",\"Effect\":\"Allow\",\"Principal\":\"*\",\"Resource\":\"arn:aws:s3:::hms-victory/*\",\"Sid\":\"PublicReadForGetBucketObjects\"}],\"Version\":\"2012-10-17\"}",
            "region": "eu-west-2",
            "replication_configuration": [],
            "request_payer": "BucketOwner",
            "server_side_encryption_configuration": [
              {
                "rule": [
                  {
                    "apply_server_side_encryption_by_default": [
                      {
                        "kms_master_key_id": "",
                        "sse_algorithm": "AES256"
                      }
                    ],
                    "bucket_key_enabled": false
                  }
                ]
              }
            ],
            "tags": {},
            "tags_all": {},
            "timeouts": null,
            "versioning": [
              {
                "enabled": false,
                "mfa_delete": false
              }
            ],
            "website": [
              {
                "error_document": "",
                "index_document": "index.html",
                "redirect_all_requests_to": "",
                "routing_rules": ""
              }
            ],
            "website_domain": "s3-website.eu-west-2.amazonaws.com",
            "website_endpoint": "hms-victory.s3-website.eu-west-2.amazonaws.com"
          },
          "sensitive_attributes": [],
          "private": "eyJlMmJmYjczMC1lY2FhLTExZTYtOGY4OC0zNDM2M2JjN2M0YzAiOnsiY3JlYXRlIjoxMjAwMDAwMDAwMDAwLCJkZWxldGUiOjM2MDAwMDAwMDAwMDAsInJlYWQiOjEyMDAwMDAwMDAwMDAsInVwZGF0ZSI6MTIwMDAwMDAwMDAwMH19"
        }
      ]
    },
    {
      "mode": "managed",
      "type": "aws_s3_bucket_acl",
      "name": "hosting_bucket_acl",
      "provider": "provider[\"registry.terraform.io/hashicorp/aws\"]",
      "instances": [
        {
          "schema_version": 0,
          "attributes": {
            "access_control_policy": [
              {
                "grant": [
                  {
                    "grantee": [
                      {
                        "display_name": "",
                        "email_address": "",
                        "id": "",
                        "type": "Group",
                        "uri": "http://acs.amazonaws.com/groups/global/AllUsers"
                      }
                    ],
                    "permission": "READ"
                  },
                  {
                    "grantee": [
                      {
                        "display_name": "",
                        "email_address": "",
                        "id": "9661e55c48e71fa97db90c394a7444aaf2ecda794cb89667a6e7579dabda9426",
                        "type": "CanonicalUser",
                        "uri": ""
                      }
                    ],
                    "permission": "FULL_CONTROL"
                  }
                ],
                "owner": [
                  {
                    "display_name": "",
                    "id": "9661e55c48e71fa97db90c394a7444aaf2ecda794cb89667a6e7579dabda9426"
                  }
                ]
              }
            ],
            "acl": "public-read",
            "bucket": "hms-victory",
            "expected_bucket_owner": "",
            "id": "hms-victory,public-read"
          },
          "sensitive_attributes": [],
          "private": "bnVsbA==",
          "dependencies": [
            "aws_s3_bucket.hosting_bucket"
          ]
        }
      ]
    },
    {
      "mode": "managed",
      "type": "aws_s3_bucket_ownership_controls",
      "name": "hosting_bucket_ownership",
      "provider": "provider[\"registry.terraform.io/hashicorp/aws\"]",
      "instances": [
        {
          "schema_version": 0,
          "attributes": {
            "bucket": "hms-victory",
            "id": "hms-victory",
            "rule": [
              {
                "object_ownership": "ObjectWriter"
              }
            ]
          },
          "sensitive_attributes": [],
          "private": "bnVsbA==",
          "dependencies": [
            "aws_s3_bucket.hosting_bucket"
          ]
        }
      ]
    },
    {
      "mode": "managed",
      "type": "aws_s3_bucket_policy",
      "name": "hosting_bucket_policy",
      "provider": "provider[\"registry.terraform.io/hashicorp/aws\"]",
      "instances": [
        {
          "schema_version": 0,
          "attributes": {
            "bucket": "hms-victory",
            "id": "hms-victory",
            "policy": "{\"Id\":\"MyPolicy\",\"Statement\":[{\"Action\":\"s3:GetObject\",\"Effect\":\"Allow\",\"Principal\":\"*\",\"Resource\":\"arn:aws:s3:::hms-victory/*\",\"Sid\":\"PublicReadForGetBucketObjects\"}],\"Version\":\"2012-10-17\"}"
          },
          "sensitive_attributes": [],
          "private": "bnVsbA==",
          "dependencies": [
            "aws_s3_bucket.hosting_bucket"
          ]
        }
      ]
    },
    {
      "mode": "managed",
      "type": "aws_s3_bucket_public_access_block",
      "name": "hosting_bucket_public_access",
      "provider": "provider[\"registry.terraform.io/hashicorp/aws\"]",
      "instances": [
        {
          "schema_version": 0,
          "attributes": {
            "block_public_acls": false,
            "block_public_policy": false,
            "bucket": "hms-victory",
            "id": "hms-victory",
            "ignore_public_acls": false,
            "restrict_public_buckets": false
          },
          "sensitive_attributes": [],
          "private": "bnVsbA==",
          "dependencies": [
            "aws_s3_bucket.hosting_bucket"
          ]
        }
      ]
    },
    {
      "mode": "managed",
      "type": "aws_s3_bucket_website_configuration",
      "name": "hosting_bucket_website_configuration",
      "provider": "provider[\"registry.terraform.io/hashicorp/aws\"]",
      "instances": [
        {
          "schema_version": 0,
          "attributes": {
            "bucket": "hms-victory",
            "error_document": [],
            "expected_bucket_owner": "",
            "id": "hms-victory",
            "index_document": [
              {
                "suffix": "index.html"
              }
            ],
            "redirect_all_requests_to": [],
            "routing_rule": [],
            "routing_rules": "",
            "website_domain": "s3-website.eu-west-2.amazonaws.com",
            "website_endpoint": "hms-victory.s3-website.eu-west-2.amazonaws.com"
          },
          "sensitive_attributes": [],
          "private": "bnVsbA==",
          "dependencies": [
            "aws_s3_bucket.hosting_bucket"
          ]
        }
      ]
    },
    {
      "mode": "managed",
      "type": "aws_s3_object",
      "name": "hosting_bucket_files",
      "provider": "provider[\"registry.terraform.io/hashicorp/aws\"]",
      "instances": [
        {
          "index_key": ".DS_Store",
          "schema_version": 0,
          "attributes": {
            "acl": null,
            "bucket": "hms-victory",
            "bucket_key_enabled": false,
            "cache_control": "",
            "content": null,
            "content_base64": null,
            "content_disposition": "",
            "content_encoding": "",
            "content_language": "",
            "content_type": "application/octet-stream",
            "etag": "55ddf7503a4e2f734f3c4da34e514e04",
            "force_destroy": false,
            "id": ".DS_Store",
            "key": ".DS_Store",
            "kms_key_id": null,
            "metadata": {},
            "object_lock_legal_hold_status": "",
            "object_lock_mode": "",
            "object_lock_retain_until_date": "",
            "server_side_encryption": "AES256",
            "source": "./website-resources/.DS_Store",
            "source_hash": null,
            "storage_class": "STANDARD",
            "tags": {},
            "tags_all": {},
            "version_id": "",
            "website_redirect": ""
          },
          "sensitive_attributes": [],
          "private": "bnVsbA==",
          "dependencies": [
            "aws_s3_bucket.hosting_bucket"
          ]
        },
        {
          "index_key": "About.css",
          "schema_version": 0,
          "attributes": {
            "acl": null,
            "bucket": "hms-victory",
            "bucket_key_enabled": false,
            "cache_control": "",
            "content": null,
            "content_base64": null,
            "content_disposition": "",
            "content_encoding": "",
            "content_language": "",
            "content_type": "text/css; charset=utf-8",
            "etag": "e2f56cf77e8ca9b582000486000c7b78",
            "force_destroy": false,
            "id": "About.css",
            "key": "About.css",
            "kms_key_id": null,
            "metadata": {},
            "object_lock_legal_hold_status": "",
            "object_lock_mode": "",
            "object_lock_retain_until_date": "",
            "server_side_encryption": "AES256",
            "source": "./website-resources/About.css",
            "source_hash": null,
            "storage_class": "STANDARD",
            "tags": {},
            "tags_all": {},
            "version_id": "",
            "website_redirect": ""
          },
          "sensitive_attributes": [],
          "private": "bnVsbA==",
          "dependencies": [
            "aws_s3_bucket.hosting_bucket"
          ]
        },
        {
          "index_key": "About.html",
          "schema_version": 0,
          "attributes": {
            "acl": null,
            "bucket": "hms-victory",
            "bucket_key_enabled": false,
            "cache_control": "",
            "content": null,
            "content_base64": null,
            "content_disposition": "",
            "content_encoding": "",
            "content_language": "",
            "content_type": "text/html; charset=utf-8",
            "etag": "0c4298fce31aecae0835eca4a0cbbf64",
            "force_destroy": false,
            "id": "About.html",
            "key": "About.html",
            "kms_key_id": null,
            "metadata": {},
            "object_lock_legal_hold_status": "",
            "object_lock_mode": "",
            "object_lock_retain_until_date": "",
            "server_side_encryption": "AES256",
            "source": "./website-resources/About.html",
            "source_hash": null,
            "storage_class": "STANDARD",
            "tags": {},
            "tags_all": {},
            "version_id": "",
            "website_redirect": ""
          },
          "sensitive_attributes": [],
          "private": "bnVsbA==",
          "dependencies": [
            "aws_s3_bucket.hosting_bucket"
          ]
        },
        {
          "index_key": "Blog-Template.css",
          "schema_version": 0,
          "attributes": {
            "acl": null,
            "bucket": "hms-victory",
            "bucket_key_enabled": false,
            "cache_control": "",
            "content": null,
            "content_base64": null,
            "content_disposition": "",
            "content_encoding": "",
            "content_language": "",
            "content_type": "text/css; charset=utf-8",
            "etag": "9898d56651e1c7e050c2c31da1b923a1",
            "force_destroy": false,
            "id": "Blog-Template.css",
            "key": "Blog-Template.css",
            "kms_key_id": null,
            "metadata": {},
            "object_lock_legal_hold_status": "",
            "object_lock_mode": "",
            "object_lock_retain_until_date": "",
            "server_side_encryption": "AES256",
            "source": "./website-resources/Blog-Template.css",
            "source_hash": null,
            "storage_class": "STANDARD",
            "tags": {},
            "tags_all": {},
            "version_id": "",
            "website_redirect": ""
          },
          "sensitive_attributes": [],
          "private": "bnVsbA==",
          "dependencies": [
            "aws_s3_bucket.hosting_bucket"
          ]
        },
        {
          "index_key": "Blog.css",
          "schema_version": 0,
          "attributes": {
            "acl": null,
            "bucket": "hms-victory",
            "bucket_key_enabled": false,
            "cache_control": "",
            "content": null,
            "content_base64": null,
            "content_disposition": "",
            "content_encoding": "",
            "content_language": "",
            "content_type": "text/css; charset=utf-8",
            "etag": "ab01a9916fbf2d32c352126db2614775",
            "force_destroy": false,
            "id": "Blog.css",
            "key": "Blog.css",
            "kms_key_id": null,
            "metadata": {},
            "object_lock_legal_hold_status": "",
            "object_lock_mode": "",
            "object_lock_retain_until_date": "",
            "server_side_encryption": "AES256",
            "source": "./website-resources/Blog.css",
            "source_hash": null,
            "storage_class": "STANDARD",
            "tags": {},
            "tags_all": {},
            "version_id": "",
            "website_redirect": ""
          },
          "sensitive_attributes": [],
          "private": "bnVsbA==",
          "dependencies": [
            "aws_s3_bucket.hosting_bucket"
          ]
        },
        {
          "index_key": "Blog.html",
          "schema_version": 0,
          "attributes": {
            "acl": null,
            "bucket": "hms-victory",
            "bucket_key_enabled": false,
            "cache_control": "",
            "content": null,
            "content_base64": null,
            "content_disposition": "",
            "content_encoding": "",
            "content_language": "",
            "content_type": "text/html; charset=utf-8",
            "etag": "f34dfc20a1bf1f7adf2ee2da7fa060d0",
            "force_destroy": false,
            "id": "Blog.html",
            "key": "Blog.html",
            "kms_key_id": null,
            "metadata": {},
            "object_lock_legal_hold_status": "",
            "object_lock_mode": "",
            "object_lock_retain_until_date": "",
            "server_side_encryption": "AES256",
            "source": "./website-resources/Blog.html",
            "source_hash": null,
            "storage_class": "STANDARD",
            "tags": {},
            "tags_all": {},
            "version_id": "",
            "website_redirect": ""
          },
          "sensitive_attributes": [],
          "private": "bnVsbA==",
          "dependencies": [
            "aws_s3_bucket.hosting_bucket"
          ]
        },
        {
          "index_key": "Contact.css",
          "schema_version": 0,
          "attributes": {
            "acl": null,
            "bucket": "hms-victory",
            "bucket_key_enabled": false,
            "cache_control": "",
            "content": null,
            "content_base64": null,
            "content_disposition": "",
            "content_encoding": "",
            "content_language": "",
            "content_type": "text/css; charset=utf-8",
            "etag": "bfb873f3a70e48e3b1a40c3c369ab595",
            "force_destroy": false,
            "id": "Contact.css",
            "key": "Contact.css",
            "kms_key_id": null,
            "metadata": {},
            "object_lock_legal_hold_status": "",
            "object_lock_mode": "",
            "object_lock_retain_until_date": "",
            "server_side_encryption": "AES256",
            "source": "./website-resources/Contact.css",
            "source_hash": null,
            "storage_class": "STANDARD",
            "tags": {},
            "tags_all": {},
            "version_id": "",
            "website_redirect": ""
          },
          "sensitive_attributes": [],
          "private": "bnVsbA==",
          "dependencies": [
            "aws_s3_bucket.hosting_bucket"
          ]
        },
        {
          "index_key": "Contact.html",
          "schema_version": 0,
          "attributes": {
            "acl": null,
            "bucket": "hms-victory",
            "bucket_key_enabled": false,
            "cache_control": "",
            "content": null,
            "content_base64": null,
            "content_disposition": "",
            "content_encoding": "",
            "content_language": "",
            "content_type": "text/html; charset=utf-8",
            "etag": "f3860c1155446587585111cb88194fdf",
            "force_destroy": false,
            "id": "Contact.html",
            "key": "Contact.html",
            "kms_key_id": null,
            "metadata": {},
            "object_lock_legal_hold_status": "",
            "object_lock_mode": "",
            "object_lock_retain_until_date": "",
            "server_side_encryption": "AES256",
            "source": "./website-resources/Contact.html",
            "source_hash": null,
            "storage_class": "STANDARD",
            "tags": {},
            "tags_all": {},
            "version_id": "",
            "website_redirect": ""
          },
          "sensitive_attributes": [],
          "private": "bnVsbA==",
          "dependencies": [
            "aws_s3_bucket.hosting_bucket"
          ]
        },
        {
          "index_key": "Home.css",
          "schema_version": 0,
          "attributes": {
            "acl": null,
            "bucket": "hms-victory",
            "bucket_key_enabled": false,
            "cache_control": "",
            "content": null,
            "content_base64": null,
            "content_disposition": "",
            "content_encoding": "",
            "content_language": "",
            "content_type": "text/css; charset=utf-8",
            "etag": "ffc670c708efede5c5c271758bff52f4",
            "force_destroy": false,
            "id": "Home.css",
            "key": "Home.css",
            "kms_key_id": null,
            "metadata": {},
            "object_lock_legal_hold_status": "",
            "object_lock_mode": "",
            "object_lock_retain_until_date": "",
            "server_side_encryption": "AES256",
            "source": "./website-resources/Home.css",
            "source_hash": null,
            "storage_class": "STANDARD",
            "tags": {},
            "tags_all": {},
            "version_id": "",
            "website_redirect": ""
          },
          "sensitive_attributes": [],
          "private": "bnVsbA==",
          "dependencies": [
            "aws_s3_bucket.hosting_bucket"
          ]
        },
        {
          "index_key": "Home.html",
          "schema_version": 0,
          "attributes": {
            "acl": null,
            "bucket": "hms-victory",
            "bucket_key_enabled": false,
            "cache_control": "",
            "content": null,
            "content_base64": null,
            "content_disposition": "",
            "content_encoding": "",
            "content_language": "",
            "content_type": "text/html; charset=utf-8",
            "etag": "ecdffd47ed1abe4eac9eb3c97d2e3996",
            "force_destroy": false,
            "id": "Home.html",
            "key": "Home.html",
            "kms_key_id": null,
            "metadata": {},
            "object_lock_legal_hold_status": "",
            "object_lock_mode": "",
            "object_lock_retain_until_date": "",
            "server_side_encryption": "AES256",
            "source": "./website-resources/Home.html",
            "source_hash": null,
            "storage_class": "STANDARD",
            "tags": {},
            "tags_all": {},
            "version_id": "",
            "website_redirect": ""
          },
          "sensitive_attributes": [],
          "private": "bnVsbA==",
          "dependencies": [
            "aws_s3_bucket.hosting_bucket"
          ]
        },
        {
          "index_key": "Page-1.css",
          "schema_version": 0,
          "attributes": {
            "acl": null,
            "bucket": "hms-victory",
            "bucket_key_enabled": false,
            "cache_control": "",
            "content": null,
            "content_base64": null,
            "content_disposition": "",
            "content_encoding": "",
            "content_language": "",
            "content_type": "text/css; charset=utf-8",
            "etag": "451afc4088d917abdeefb2eaebc5e123",
            "force_destroy": false,
            "id": "Page-1.css",
            "key": "Page-1.css",
            "kms_key_id": null,
            "metadata": {},
            "object_lock_legal_hold_status": "",
            "object_lock_mode": "",
            "object_lock_retain_until_date": "",
            "server_side_encryption": "AES256",
            "source": "./website-resources/Page-1.css",
            "source_hash": null,
            "storage_class": "STANDARD",
            "tags": {},
            "tags_all": {},
            "version_id": "",
            "website_redirect": ""
          },
          "sensitive_attributes": [],
          "private": "bnVsbA==",
          "dependencies": [
            "aws_s3_bucket.hosting_bucket"
          ]
        },
        {
          "index_key": "Page-1.html",
          "schema_version": 0,
          "attributes": {
            "acl": null,
            "bucket": "hms-victory",
            "bucket_key_enabled": false,
            "cache_control": "",
            "content": null,
            "content_base64": null,
            "content_disposition": "",
            "content_encoding": "",
            "content_language": "",
            "content_type": "text/html; charset=utf-8",
            "etag": "be8c71f85954749607a650fd9a6b8820",
            "force_destroy": false,
            "id": "Page-1.html",
            "key": "Page-1.html",
            "kms_key_id": null,
            "metadata": {},
            "object_lock_legal_hold_status": "",
            "object_lock_mode": "",
            "object_lock_retain_until_date": "",
            "server_side_encryption": "AES256",
            "source": "./website-resources/Page-1.html",
            "source_hash": null,
            "storage_class": "STANDARD",
            "tags": {},
            "tags_all": {},
            "version_id": "",
            "website_redirect": ""
          },
          "sensitive_attributes": [],
          "private": "bnVsbA==",
          "dependencies": [
            "aws_s3_bucket.hosting_bucket"
          ]
        },
        {
          "index_key": "Post-Template.css",
          "schema_version": 0,
          "attributes": {
            "acl": null,
            "bucket": "hms-victory",
            "bucket_key_enabled": false,
            "cache_control": "",
            "content": null,
            "content_base64": null,
            "content_disposition": "",
            "content_encoding": "",
            "content_language": "",
            "content_type": "text/css; charset=utf-8",
            "etag": "242cea5a1743c1fa4075c51434ef5449",
            "force_destroy": false,
            "id": "Post-Template.css",
            "key": "Post-Template.css",
            "kms_key_id": null,
            "metadata": {},
            "object_lock_legal_hold_status": "",
            "object_lock_mode": "",
            "object_lock_retain_until_date": "",
            "server_side_encryption": "AES256",
            "source": "./website-resources/Post-Template.css",
            "source_hash": null,
            "storage_class": "STANDARD",
            "tags": {},
            "tags_all": {},
            "version_id": "",
            "website_redirect": ""
          },
          "sensitive_attributes": [],
          "private": "bnVsbA==",
          "dependencies": [
            "aws_s3_bucket.hosting_bucket"
          ]
        },
        {
          "index_key": "Step-10.css",
          "schema_version": 0,
          "attributes": {
            "acl": null,
            "bucket": "hms-victory",
            "bucket_key_enabled": false,
            "cache_control": "",
            "content": null,
            "content_base64": null,
            "content_disposition": "",
            "content_encoding": "",
            "content_language": "",
            "content_type": "text/css; charset=utf-8",
            "etag": "451afc4088d917abdeefb2eaebc5e123",
            "force_destroy": false,
            "id": "Step-10.css",
            "key": "Step-10.css",
            "kms_key_id": null,
            "metadata": {},
            "object_lock_legal_hold_status": "",
            "object_lock_mode": "",
            "object_lock_retain_until_date": "",
            "server_side_encryption": "AES256",
            "source": "./website-resources/Step-10.css",
            "source_hash": null,
            "storage_class": "STANDARD",
            "tags": {},
            "tags_all": {},
            "version_id": "",
            "website_redirect": ""
          },
          "sensitive_attributes": [],
          "private": "bnVsbA==",
          "dependencies": [
            "aws_s3_bucket.hosting_bucket"
          ]
        },
        {
          "index_key": "Step-10.html",
          "schema_version": 0,
          "attributes": {
            "acl": null,
            "bucket": "hms-victory",
            "bucket_key_enabled": false,
            "cache_control": "",
            "content": null,
            "content_base64": null,
            "content_disposition": "",
            "content_encoding": "",
            "content_language": "",
            "content_type": "text/html; charset=utf-8",
            "etag": "26baa24c4eb21c019a6bfcf926fa186b",
            "force_destroy": false,
            "id": "Step-10.html",
            "key": "Step-10.html",
            "kms_key_id": null,
            "metadata": {},
            "object_lock_legal_hold_status": "",
            "object_lock_mode": "",
            "object_lock_retain_until_date": "",
            "server_side_encryption": "AES256",
            "source": "./website-resources/Step-10.html",
            "source_hash": null,
            "storage_class": "STANDARD",
            "tags": {},
            "tags_all": {},
            "version_id": "",
            "website_redirect": ""
          },
          "sensitive_attributes": [],
          "private": "bnVsbA==",
          "dependencies": [
            "aws_s3_bucket.hosting_bucket"
          ]
        },
        {
          "index_key": "Step-11.css",
          "schema_version": 0,
          "attributes": {
            "acl": null,
            "bucket": "hms-victory",
            "bucket_key_enabled": false,
            "cache_control": "",
            "content": null,
            "content_base64": null,
            "content_disposition": "",
            "content_encoding": "",
            "content_language": "",
            "content_type": "text/css; charset=utf-8",
            "etag": "451afc4088d917abdeefb2eaebc5e123",
            "force_destroy": false,
            "id": "Step-11.css",
            "key": "Step-11.css",
            "kms_key_id": null,
            "metadata": {},
            "object_lock_legal_hold_status": "",
            "object_lock_mode": "",
            "object_lock_retain_until_date": "",
            "server_side_encryption": "AES256",
            "source": "./website-resources/Step-11.css",
            "source_hash": null,
            "storage_class": "STANDARD",
            "tags": {},
            "tags_all": {},
            "version_id": "",
            "website_redirect": ""
          },
          "sensitive_attributes": [],
          "private": "bnVsbA==",
          "dependencies": [
            "aws_s3_bucket.hosting_bucket"
          ]
        },
        {
          "index_key": "Step-11.html",
          "schema_version": 0,
          "attributes": {
            "acl": null,
            "bucket": "hms-victory",
            "bucket_key_enabled": false,
            "cache_control": "",
            "content": null,
            "content_base64": null,
            "content_disposition": "",
            "content_encoding": "",
            "content_language": "",
            "content_type": "text/html; charset=utf-8",
            "etag": "888fdf75b32a91e953649e130026fa98",
            "force_destroy": false,
            "id": "Step-11.html",
            "key": "Step-11.html",
            "kms_key_id": null,
            "metadata": {},
            "object_lock_legal_hold_status": "",
            "object_lock_mode": "",
            "object_lock_retain_until_date": "",
            "server_side_encryption": "AES256",
            "source": "./website-resources/Step-11.html",
            "source_hash": null,
            "storage_class": "STANDARD",
            "tags": {},
            "tags_all": {},
            "version_id": "",
            "website_redirect": ""
          },
          "sensitive_attributes": [],
          "private": "bnVsbA==",
          "dependencies": [
            "aws_s3_bucket.hosting_bucket"
          ]
        },
        {
          "index_key": "Step-12.css",
          "schema_version": 0,
          "attributes": {
            "acl": null,
            "bucket": "hms-victory",
            "bucket_key_enabled": false,
            "cache_control": "",
            "content": null,
            "content_base64": null,
            "content_disposition": "",
            "content_encoding": "",
            "content_language": "",
            "content_type": "text/css; charset=utf-8",
            "etag": "451afc4088d917abdeefb2eaebc5e123",
            "force_destroy": false,
            "id": "Step-12.css",
            "key": "Step-12.css",
            "kms_key_id": null,
            "metadata": {},
            "object_lock_legal_hold_status": "",
            "object_lock_mode": "",
            "object_lock_retain_until_date": "",
            "server_side_encryption": "AES256",
            "source": "./website-resources/Step-12.css",
            "source_hash": null,
            "storage_class": "STANDARD",
            "tags": {},
            "tags_all": {},
            "version_id": "",
            "website_redirect": ""
          },
          "sensitive_attributes": [],
          "private": "bnVsbA==",
          "dependencies": [
            "aws_s3_bucket.hosting_bucket"
          ]
        },
        {
          "index_key": "Step-12.html",
          "schema_version": 0,
          "attributes": {
            "acl": null,
            "bucket": "hms-victory",
            "bucket_key_enabled": false,
            "cache_control": "",
            "content": null,
            "content_base64": null,
            "content_disposition": "",
            "content_encoding": "",
            "content_language": "",
            "content_type": "text/html; charset=utf-8",
            "etag": "79deef26889284e4b5df30468579ed9d",
            "force_destroy": false,
            "id": "Step-12.html",
            "key": "Step-12.html",
            "kms_key_id": null,
            "metadata": {},
            "object_lock_legal_hold_status": "",
            "object_lock_mode": "",
            "object_lock_retain_until_date": "",
            "server_side_encryption": "AES256",
            "source": "./website-resources/Step-12.html",
            "source_hash": null,
            "storage_class": "STANDARD",
            "tags": {},
            "tags_all": {},
            "version_id": "",
            "website_redirect": ""
          },
          "sensitive_attributes": [],
          "private": "bnVsbA==",
          "dependencies": [
            "aws_s3_bucket.hosting_bucket"
          ]
        },
        {
          "index_key": "Step-13.css",
          "schema_version": 0,
          "attributes": {
            "acl": null,
            "bucket": "hms-victory",
            "bucket_key_enabled": false,
            "cache_control": "",
            "content": null,
            "content_base64": null,
            "content_disposition": "",
            "content_encoding": "",
            "content_language": "",
            "content_type": "text/css; charset=utf-8",
            "etag": "451afc4088d917abdeefb2eaebc5e123",
            "force_destroy": false,
            "id": "Step-13.css",
            "key": "Step-13.css",
            "kms_key_id": null,
            "metadata": {},
            "object_lock_legal_hold_status": "",
            "object_lock_mode": "",
            "object_lock_retain_until_date": "",
            "server_side_encryption": "AES256",
            "source": "./website-resources/Step-13.css",
            "source_hash": null,
            "storage_class": "STANDARD",
            "tags": {},
            "tags_all": {},
            "version_id": "",
            "website_redirect": ""
          },
          "sensitive_attributes": [],
          "private": "bnVsbA==",
          "dependencies": [
            "aws_s3_bucket.hosting_bucket"
          ]
        },
        {
          "index_key": "Step-13.html",
          "schema_version": 0,
          "attributes": {
            "acl": null,
            "bucket": "hms-victory",
            "bucket_key_enabled": false,
            "cache_control": "",
            "content": null,
            "content_base64": null,
            "content_disposition": "",
            "content_encoding": "",
            "content_language": "",
            "content_type": "text/html; charset=utf-8",
            "etag": "01d7a5623c2a4c21fe09727d5e37d756",
            "force_destroy": false,
            "id": "Step-13.html",
            "key": "Step-13.html",
            "kms_key_id": null,
            "metadata": {},
            "object_lock_legal_hold_status": "",
            "object_lock_mode": "",
            "object_lock_retain_until_date": "",
            "server_side_encryption": "AES256",
            "source": "./website-resources/Step-13.html",
            "source_hash": null,
            "storage_class": "STANDARD",
            "tags": {},
            "tags_all": {},
            "version_id": "",
            "website_redirect": ""
          },
          "sensitive_attributes": [],
          "private": "bnVsbA==",
          "dependencies": [
            "aws_s3_bucket.hosting_bucket"
          ]
        },
        {
          "index_key": "Step-14.css",
          "schema_version": 0,
          "attributes": {
            "acl": null,
            "bucket": "hms-victory",
            "bucket_key_enabled": false,
            "cache_control": "",
            "content": null,
            "content_base64": null,
            "content_disposition": "",
            "content_encoding": "",
            "content_language": "",
            "content_type": "text/css; charset=utf-8",
            "etag": "451afc4088d917abdeefb2eaebc5e123",
            "force_destroy": false,
            "id": "Step-14.css",
            "key": "Step-14.css",
            "kms_key_id": null,
            "metadata": {},
            "object_lock_legal_hold_status": "",
            "object_lock_mode": "",
            "object_lock_retain_until_date": "",
            "server_side_encryption": "AES256",
            "source": "./website-resources/Step-14.css",
            "source_hash": null,
            "storage_class": "STANDARD",
            "tags": {},
            "tags_all": {},
            "version_id": "",
            "website_redirect": ""
          },
          "sensitive_attributes": [],
          "private": "bnVsbA==",
          "dependencies": [
            "aws_s3_bucket.hosting_bucket"
          ]
        },
        {
          "index_key": "Step-14.html",
          "schema_version": 0,
          "attributes": {
            "acl": null,
            "bucket": "hms-victory",
            "bucket_key_enabled": false,
            "cache_control": "",
            "content": null,
            "content_base64": null,
            "content_disposition": "",
            "content_encoding": "",
            "content_language": "",
            "content_type": "text/html; charset=utf-8",
            "etag": "da701040499b9c3421e2c063ca895891",
            "force_destroy": false,
            "id": "Step-14.html",
            "key": "Step-14.html",
            "kms_key_id": null,
            "metadata": {},
            "object_lock_legal_hold_status": "",
            "object_lock_mode": "",
            "object_lock_retain_until_date": "",
            "server_side_encryption": "AES256",
            "source": "./website-resources/Step-14.html",
            "source_hash": null,
            "storage_class": "STANDARD",
            "tags": {},
            "tags_all": {},
            "version_id": "",
            "website_redirect": ""
          },
          "sensitive_attributes": [],
          "private": "bnVsbA==",
          "dependencies": [
            "aws_s3_bucket.hosting_bucket"
          ]
        },
        {
          "index_key": "Step-15.css",
          "schema_version": 0,
          "attributes": {
            "acl": null,
            "bucket": "hms-victory",
            "bucket_key_enabled": false,
            "cache_control": "",
            "content": null,
            "content_base64": null,
            "content_disposition": "",
            "content_encoding": "",
            "content_language": "",
            "content_type": "text/css; charset=utf-8",
            "etag": "451afc4088d917abdeefb2eaebc5e123",
            "force_destroy": false,
            "id": "Step-15.css",
            "key": "Step-15.css",
            "kms_key_id": null,
            "metadata": {},
            "object_lock_legal_hold_status": "",
            "object_lock_mode": "",
            "object_lock_retain_until_date": "",
            "server_side_encryption": "AES256",
            "source": "./website-resources/Step-15.css",
            "source_hash": null,
            "storage_class": "STANDARD",
            "tags": {},
            "tags_all": {},
            "version_id": "",
            "website_redirect": ""
          },
          "sensitive_attributes": [],
          "private": "bnVsbA==",
          "dependencies": [
            "aws_s3_bucket.hosting_bucket"
          ]
        },
        {
          "index_key": "Step-15.html",
          "schema_version": 0,
          "attributes": {
            "acl": null,
            "bucket": "hms-victory",
            "bucket_key_enabled": false,
            "cache_control": "",
            "content": null,
            "content_base64": null,
            "content_disposition": "",
            "content_encoding": "",
            "content_language": "",
            "content_type": "text/html; charset=utf-8",
            "etag": "734fceeaf4e6225e34d380a00c7f99ac",
            "force_destroy": false,
            "id": "Step-15.html",
            "key": "Step-15.html",
            "kms_key_id": null,
            "metadata": {},
            "object_lock_legal_hold_status": "",
            "object_lock_mode": "",
            "object_lock_retain_until_date": "",
            "server_side_encryption": "AES256",
            "source": "./website-resources/Step-15.html",
            "source_hash": null,
            "storage_class": "STANDARD",
            "tags": {},
            "tags_all": {},
            "version_id": "",
            "website_redirect": ""
          },
          "sensitive_attributes": [],
          "private": "bnVsbA==",
          "dependencies": [
            "aws_s3_bucket.hosting_bucket"
          ]
        },
        {
          "index_key": "Step-16.css",
          "schema_version": 0,
          "attributes": {
            "acl": null,
            "bucket": "hms-victory",
            "bucket_key_enabled": false,
            "cache_control": "",
            "content": null,
            "content_base64": null,
            "content_disposition": "",
            "content_encoding": "",
            "content_language": "",
            "content_type": "text/css; charset=utf-8",
            "etag": "451afc4088d917abdeefb2eaebc5e123",
            "force_destroy": false,
            "id": "Step-16.css",
            "key": "Step-16.css",
            "kms_key_id": null,
            "metadata": {},
            "object_lock_legal_hold_status": "",
            "object_lock_mode": "",
            "object_lock_retain_until_date": "",
            "server_side_encryption": "AES256",
            "source": "./website-resources/Step-16.css",
            "source_hash": null,
            "storage_class": "STANDARD",
            "tags": {},
            "tags_all": {},
            "version_id": "",
            "website_redirect": ""
          },
          "sensitive_attributes": [],
          "private": "bnVsbA==",
          "dependencies": [
            "aws_s3_bucket.hosting_bucket"
          ]
        },
        {
          "index_key": "Step-16.html",
          "schema_version": 0,
          "attributes": {
            "acl": null,
            "bucket": "hms-victory",
            "bucket_key_enabled": false,
            "cache_control": "",
            "content": null,
            "content_base64": null,
            "content_disposition": "",
            "content_encoding": "",
            "content_language": "",
            "content_type": "text/html; charset=utf-8",
            "etag": "082f062616b445d38e37153e2d70568a",
            "force_destroy": false,
            "id": "Step-16.html",
            "key": "Step-16.html",
            "kms_key_id": null,
            "metadata": {},
            "object_lock_legal_hold_status": "",
            "object_lock_mode": "",
            "object_lock_retain_until_date": "",
            "server_side_encryption": "AES256",
            "source": "./website-resources/Step-16.html",
            "source_hash": null,
            "storage_class": "STANDARD",
            "tags": {},
            "tags_all": {},
            "version_id": "",
            "website_redirect": ""
          },
          "sensitive_attributes": [],
          "private": "bnVsbA==",
          "dependencies": [
            "aws_s3_bucket.hosting_bucket"
          ]
        },
        {
          "index_key": "Step-2.css",
          "schema_version": 0,
          "attributes": {
            "acl": null,
            "bucket": "hms-victory",
            "bucket_key_enabled": false,
            "cache_control": "",
            "content": null,
            "content_base64": null,
            "content_disposition": "",
            "content_encoding": "",
            "content_language": "",
            "content_type": "text/css; charset=utf-8",
            "etag": "451afc4088d917abdeefb2eaebc5e123",
            "force_destroy": false,
            "id": "Step-2.css",
            "key": "Step-2.css",
            "kms_key_id": null,
            "metadata": {},
            "object_lock_legal_hold_status": "",
            "object_lock_mode": "",
            "object_lock_retain_until_date": "",
            "server_side_encryption": "AES256",
            "source": "./website-resources/Step-2.css",
            "source_hash": null,
            "storage_class": "STANDARD",
            "tags": {},
            "tags_all": {},
            "version_id": "",
            "website_redirect": ""
          },
          "sensitive_attributes": [],
          "private": "bnVsbA==",
          "dependencies": [
            "aws_s3_bucket.hosting_bucket"
          ]
        },
        {
          "index_key": "Step-2.html",
          "schema_version": 0,
          "attributes": {
            "acl": null,
            "bucket": "hms-victory",
            "bucket_key_enabled": false,
            "cache_control": "",
            "content": null,
            "content_base64": null,
            "content_disposition": "",
            "content_encoding": "",
            "content_language": "",
            "content_type": "text/html; charset=utf-8",
            "etag": "e7152f9535adefd29578671f24b132e4",
            "force_destroy": false,
            "id": "Step-2.html",
            "key": "Step-2.html",
            "kms_key_id": null,
            "metadata": {},
            "object_lock_legal_hold_status": "",
            "object_lock_mode": "",
            "object_lock_retain_until_date": "",
            "server_side_encryption": "AES256",
            "source": "./website-resources/Step-2.html",
            "source_hash": null,
            "storage_class": "STANDARD",
            "tags": {},
            "tags_all": {},
            "version_id": "",
            "website_redirect": ""
          },
          "sensitive_attributes": [],
          "private": "bnVsbA==",
          "dependencies": [
            "aws_s3_bucket.hosting_bucket"
          ]
        },
        {
          "index_key": "Step-3.css",
          "schema_version": 0,
          "attributes": {
            "acl": null,
            "bucket": "hms-victory",
            "bucket_key_enabled": false,
            "cache_control": "",
            "content": null,
            "content_base64": null,
            "content_disposition": "",
            "content_encoding": "",
            "content_language": "",
            "content_type": "text/css; charset=utf-8",
            "etag": "451afc4088d917abdeefb2eaebc5e123",
            "force_destroy": false,
            "id": "Step-3.css",
            "key": "Step-3.css",
            "kms_key_id": null,
            "metadata": {},
            "object_lock_legal_hold_status": "",
            "object_lock_mode": "",
            "object_lock_retain_until_date": "",
            "server_side_encryption": "AES256",
            "source": "./website-resources/Step-3.css",
            "source_hash": null,
            "storage_class": "STANDARD",
            "tags": {},
            "tags_all": {},
            "version_id": "",
            "website_redirect": ""
          },
          "sensitive_attributes": [],
          "private": "bnVsbA==",
          "dependencies": [
            "aws_s3_bucket.hosting_bucket"
          ]
        },
        {
          "index_key": "Step-3.html",
          "schema_version": 0,
          "attributes": {
            "acl": null,
            "bucket": "hms-victory",
            "bucket_key_enabled": false,
            "cache_control": "",
            "content": null,
            "content_base64": null,
            "content_disposition": "",
            "content_encoding": "",
            "content_language": "",
            "content_type": "text/html; charset=utf-8",
            "etag": "f336fbe4bf1f3548e7cc72e19a9ef5e2",
            "force_destroy": false,
            "id": "Step-3.html",
            "key": "Step-3.html",
            "kms_key_id": null,
            "metadata": {},
            "object_lock_legal_hold_status": "",
            "object_lock_mode": "",
            "object_lock_retain_until_date": "",
            "server_side_encryption": "AES256",
            "source": "./website-resources/Step-3.html",
            "source_hash": null,
            "storage_class": "STANDARD",
            "tags": {},
            "tags_all": {},
            "version_id": "",
            "website_redirect": ""
          },
          "sensitive_attributes": [],
          "private": "bnVsbA==",
          "dependencies": [
            "aws_s3_bucket.hosting_bucket"
          ]
        },
        {
          "index_key": "Step-4.css",
          "schema_version": 0,
          "attributes": {
            "acl": null,
            "bucket": "hms-victory",
            "bucket_key_enabled": false,
            "cache_control": "",
            "content": null,
            "content_base64": null,
            "content_disposition": "",
            "content_encoding": "",
            "content_language": "",
            "content_type": "text/css; charset=utf-8",
            "etag": "451afc4088d917abdeefb2eaebc5e123",
            "force_destroy": false,
            "id": "Step-4.css",
            "key": "Step-4.css",
            "kms_key_id": null,
            "metadata": {},
            "object_lock_legal_hold_status": "",
            "object_lock_mode": "",
            "object_lock_retain_until_date": "",
            "server_side_encryption": "AES256",
            "source": "./website-resources/Step-4.css",
            "source_hash": null,
            "storage_class": "STANDARD",
            "tags": {},
            "tags_all": {},
            "version_id": "",
            "website_redirect": ""
          },
          "sensitive_attributes": [],
          "private": "bnVsbA==",
          "dependencies": [
            "aws_s3_bucket.hosting_bucket"
          ]
        },
        {
          "index_key": "Step-4.html",
          "schema_version": 0,
          "attributes": {
            "acl": null,
            "bucket": "hms-victory",
            "bucket_key_enabled": false,
            "cache_control": "",
            "content": null,
            "content_base64": null,
            "content_disposition": "",
            "content_encoding": "",
            "content_language": "",
            "content_type": "text/html; charset=utf-8",
            "etag": "c2c5b923a51695f6468e7e7e4f8d6cee",
            "force_destroy": false,
            "id": "Step-4.html",
            "key": "Step-4.html",
            "kms_key_id": null,
            "metadata": {},
            "object_lock_legal_hold_status": "",
            "object_lock_mode": "",
            "object_lock_retain_until_date": "",
            "server_side_encryption": "AES256",
            "source": "./website-resources/Step-4.html",
            "source_hash": null,
            "storage_class": "STANDARD",
            "tags": {},
            "tags_all": {},
            "version_id": "",
            "website_redirect": ""
          },
          "sensitive_attributes": [],
          "private": "bnVsbA==",
          "dependencies": [
            "aws_s3_bucket.hosting_bucket"
          ]
        },
        {
          "index_key": "Step-5.css",
          "schema_version": 0,
          "attributes": {
            "acl": null,
            "bucket": "hms-victory",
            "bucket_key_enabled": false,
            "cache_control": "",
            "content": null,
            "content_base64": null,
            "content_disposition": "",
            "content_encoding": "",
            "content_language": "",
            "content_type": "text/css; charset=utf-8",
            "etag": "451afc4088d917abdeefb2eaebc5e123",
            "force_destroy": false,
            "id": "Step-5.css",
            "key": "Step-5.css",
            "kms_key_id": null,
            "metadata": {},
            "object_lock_legal_hold_status": "",
            "object_lock_mode": "",
            "object_lock_retain_until_date": "",
            "server_side_encryption": "AES256",
            "source": "./website-resources/Step-5.css",
            "source_hash": null,
            "storage_class": "STANDARD",
            "tags": {},
            "tags_all": {},
            "version_id": "",
            "website_redirect": ""
          },
          "sensitive_attributes": [],
          "private": "bnVsbA==",
          "dependencies": [
            "aws_s3_bucket.hosting_bucket"
          ]
        },
        {
          "index_key": "Step-5.html",
          "schema_version": 0,
          "attributes": {
            "acl": null,
            "bucket": "hms-victory",
            "bucket_key_enabled": false,
            "cache_control": "",
            "content": null,
            "content_base64": null,
            "content_disposition": "",
            "content_encoding": "",
            "content_language": "",
            "content_type": "text/html; charset=utf-8",
            "etag": "617b1ca5cdf107fddf728cc3ed04fc91",
            "force_destroy": false,
            "id": "Step-5.html",
            "key": "Step-5.html",
            "kms_key_id": null,
            "metadata": {},
            "object_lock_legal_hold_status": "",
            "object_lock_mode": "",
            "object_lock_retain_until_date": "",
            "server_side_encryption": "AES256",
            "source": "./website-resources/Step-5.html",
            "source_hash": null,
            "storage_class": "STANDARD",
            "tags": {},
            "tags_all": {},
            "version_id": "",
            "website_redirect": ""
          },
          "sensitive_attributes": [],
          "private": "bnVsbA==",
          "dependencies": [
            "aws_s3_bucket.hosting_bucket"
          ]
        },
        {
          "index_key": "Step-6.css",
          "schema_version": 0,
          "attributes": {
            "acl": null,
            "bucket": "hms-victory",
            "bucket_key_enabled": false,
            "cache_control": "",
            "content": null,
            "content_base64": null,
            "content_disposition": "",
            "content_encoding": "",
            "content_language": "",
            "content_type": "text/css; charset=utf-8",
            "etag": "451afc4088d917abdeefb2eaebc5e123",
            "force_destroy": false,
            "id": "Step-6.css",
            "key": "Step-6.css",
            "kms_key_id": null,
            "metadata": {},
            "object_lock_legal_hold_status": "",
            "object_lock_mode": "",
            "object_lock_retain_until_date": "",
            "server_side_encryption": "AES256",
            "source": "./website-resources/Step-6.css",
            "source_hash": null,
            "storage_class": "STANDARD",
            "tags": {},
            "tags_all": {},
            "version_id": "",
            "website_redirect": ""
          },
          "sensitive_attributes": [],
          "private": "bnVsbA==",
          "dependencies": [
            "aws_s3_bucket.hosting_bucket"
          ]
        },
        {
          "index_key": "Step-6.html",
          "schema_version": 0,
          "attributes": {
            "acl": null,
            "bucket": "hms-victory",
            "bucket_key_enabled": false,
            "cache_control": "",
            "content": null,
            "content_base64": null,
            "content_disposition": "",
            "content_encoding": "",
            "content_language": "",
            "content_type": "text/html; charset=utf-8",
            "etag": "ead4019de2491f7588d534330a95be9f",
            "force_destroy": false,
            "id": "Step-6.html",
            "key": "Step-6.html",
            "kms_key_id": null,
            "metadata": {},
            "object_lock_legal_hold_status": "",
            "object_lock_mode": "",
            "object_lock_retain_until_date": "",
            "server_side_encryption": "AES256",
            "source": "./website-resources/Step-6.html",
            "source_hash": null,
            "storage_class": "STANDARD",
            "tags": {},
            "tags_all": {},
            "version_id": "",
            "website_redirect": ""
          },
          "sensitive_attributes": [],
          "private": "bnVsbA==",
          "dependencies": [
            "aws_s3_bucket.hosting_bucket"
          ]
        },
        {
          "index_key": "Step-7.css",
          "schema_version": 0,
          "attributes": {
            "acl": null,
            "bucket": "hms-victory",
            "bucket_key_enabled": false,
            "cache_control": "",
            "content": null,
            "content_base64": null,
            "content_disposition": "",
            "content_encoding": "",
            "content_language": "",
            "content_type": "text/css; charset=utf-8",
            "etag": "451afc4088d917abdeefb2eaebc5e123",
            "force_destroy": false,
            "id": "Step-7.css",
            "key": "Step-7.css",
            "kms_key_id": null,
            "metadata": {},
            "object_lock_legal_hold_status": "",
            "object_lock_mode": "",
            "object_lock_retain_until_date": "",
            "server_side_encryption": "AES256",
            "source": "./website-resources/Step-7.css",
            "source_hash": null,
            "storage_class": "STANDARD",
            "tags": {},
            "tags_all": {},
            "version_id": "",
            "website_redirect": ""
          },
          "sensitive_attributes": [],
          "private": "bnVsbA==",
          "dependencies": [
            "aws_s3_bucket.hosting_bucket"
          ]
        },
        {
          "index_key": "Step-7.html",
          "schema_version": 0,
          "attributes": {
            "acl": null,
            "bucket": "hms-victory",
            "bucket_key_enabled": false,
            "cache_control": "",
            "content": null,
            "content_base64": null,
            "content_disposition": "",
            "content_encoding": "",
            "content_language": "",
            "content_type": "text/html; charset=utf-8",
            "etag": "60f59937d11f9632e2be763974646ded",
            "force_destroy": false,
            "id": "Step-7.html",
            "key": "Step-7.html",
            "kms_key_id": null,
            "metadata": {},
            "object_lock_legal_hold_status": "",
            "object_lock_mode": "",
            "object_lock_retain_until_date": "",
            "server_side_encryption": "AES256",
            "source": "./website-resources/Step-7.html",
            "source_hash": null,
            "storage_class": "STANDARD",
            "tags": {},
            "tags_all": {},
            "version_id": "",
            "website_redirect": ""
          },
          "sensitive_attributes": [],
          "private": "bnVsbA==",
          "dependencies": [
            "aws_s3_bucket.hosting_bucket"
          ]
        },
        {
          "index_key": "Step-8.css",
          "schema_version": 0,
          "attributes": {
            "acl": null,
            "bucket": "hms-victory",
            "bucket_key_enabled": false,
            "cache_control": "",
            "content": null,
            "content_base64": null,
            "content_disposition": "",
            "content_encoding": "",
            "content_language": "",
            "content_type": "text/css; charset=utf-8",
            "etag": "451afc4088d917abdeefb2eaebc5e123",
            "force_destroy": false,
            "id": "Step-8.css",
            "key": "Step-8.css",
            "kms_key_id": null,
            "metadata": {},
            "object_lock_legal_hold_status": "",
            "object_lock_mode": "",
            "object_lock_retain_until_date": "",
            "server_side_encryption": "AES256",
            "source": "./website-resources/Step-8.css",
            "source_hash": null,
            "storage_class": "STANDARD",
            "tags": {},
            "tags_all": {},
            "version_id": "",
            "website_redirect": ""
          },
          "sensitive_attributes": [],
          "private": "bnVsbA==",
          "dependencies": [
            "aws_s3_bucket.hosting_bucket"
          ]
        },
        {
          "index_key": "Step-8.html",
          "schema_version": 0,
          "attributes": {
            "acl": null,
            "bucket": "hms-victory",
            "bucket_key_enabled": false,
            "cache_control": "",
            "content": null,
            "content_base64": null,
            "content_disposition": "",
            "content_encoding": "",
            "content_language": "",
            "content_type": "text/html; charset=utf-8",
            "etag": "91174f5d39916baf4239b30160d21154",
            "force_destroy": false,
            "id": "Step-8.html",
            "key": "Step-8.html",
            "kms_key_id": null,
            "metadata": {},
            "object_lock_legal_hold_status": "",
            "object_lock_mode": "",
            "object_lock_retain_until_date": "",
            "server_side_encryption": "AES256",
            "source": "./website-resources/Step-8.html",
            "source_hash": null,
            "storage_class": "STANDARD",
            "tags": {},
            "tags_all": {},
            "version_id": "",
            "website_redirect": ""
          },
          "sensitive_attributes": [],
          "private": "bnVsbA==",
          "dependencies": [
            "aws_s3_bucket.hosting_bucket"
          ]
        },
        {
          "index_key": "Step-9.css",
          "schema_version": 0,
          "attributes": {
            "acl": null,
            "bucket": "hms-victory",
            "bucket_key_enabled": false,
            "cache_control": "",
            "content": null,
            "content_base64": null,
            "content_disposition": "",
            "content_encoding": "",
            "content_language": "",
            "content_type": "text/css; charset=utf-8",
            "etag": "451afc4088d917abdeefb2eaebc5e123",
            "force_destroy": false,
            "id": "Step-9.css",
            "key": "Step-9.css",
            "kms_key_id": null,
            "metadata": {},
            "object_lock_legal_hold_status": "",
            "object_lock_mode": "",
            "object_lock_retain_until_date": "",
            "server_side_encryption": "AES256",
            "source": "./website-resources/Step-9.css",
            "source_hash": null,
            "storage_class": "STANDARD",
            "tags": {},
            "tags_all": {},
            "version_id": "",
            "website_redirect": ""
          },
          "sensitive_attributes": [],
          "private": "bnVsbA==",
          "dependencies": [
            "aws_s3_bucket.hosting_bucket"
          ]
        },
        {
          "index_key": "Step-9.html",
          "schema_version": 0,
          "attributes": {
            "acl": null,
            "bucket": "hms-victory",
            "bucket_key_enabled": false,
            "cache_control": "",
            "content": null,
            "content_base64": null,
            "content_disposition": "",
            "content_encoding": "",
            "content_language": "",
            "content_type": "text/html; charset=utf-8",
            "etag": "e1e8c91214ab9ccd9c340c0fb856c567",
            "force_destroy": false,
            "id": "Step-9.html",
            "key": "Step-9.html",
            "kms_key_id": null,
            "metadata": {},
            "object_lock_legal_hold_status": "",
            "object_lock_mode": "",
            "object_lock_retain_until_date": "",
            "server_side_encryption": "AES256",
            "source": "./website-resources/Step-9.html",
            "source_hash": null,
            "storage_class": "STANDARD",
            "tags": {},
            "tags_all": {},
            "version_id": "",
            "website_redirect": ""
          },
          "sensitive_attributes": [],
          "private": "bnVsbA==",
          "dependencies": [
            "aws_s3_bucket.hosting_bucket"
          ]
        },
        {
          "index_key": "blog/blog.html",
          "schema_version": 0,
          "attributes": {
            "acl": null,
            "bucket": "hms-victory",
            "bucket_key_enabled": false,
            "cache_control": "",
            "content": null,
            "content_base64": null,
            "content_disposition": "",
            "content_encoding": "",
            "content_language": "",
            "content_type": "text/html; charset=utf-8",
            "etag": "6b775438f35c6eecc33b031748b1d7e1",
            "force_destroy": false,
            "id": "blog/blog.html",
            "key": "blog/blog.html",
            "kms_key_id": null,
            "metadata": {},
            "object_lock_legal_hold_status": "",
            "object_lock_mode": "",
            "object_lock_retain_until_date": "",
            "server_side_encryption": "AES256",
            "source": "./website-resources/blog/blog.html",
            "source_hash": null,
            "storage_class": "STANDARD",
            "tags": {},
            "tags_all": {},
            "version_id": "",
            "website_redirect": ""
          },
          "sensitive_attributes": [],
          "private": "bnVsbA==",
          "dependencies": [
            "aws_s3_bucket.hosting_bucket"
          ]
        },
        {
          "index_key": "blog/post-1.html",
          "schema_version": 0,
          "attributes": {
            "acl": null,
            "bucket": "hms-victory",
            "bucket_key_enabled": false,
            "cache_control": "",
            "content": null,
            "content_base64": null,
            "content_disposition": "",
            "content_encoding": "",
            "content_language": "",
            "content_type": "text/html; charset=utf-8",
            "etag": "8b1949a74ea912331b7395db40a9d946",
            "force_destroy": false,
            "id": "blog/post-1.html",
            "key": "blog/post-1.html",
            "kms_key_id": null,
            "metadata": {},
            "object_lock_legal_hold_status": "",
            "object_lock_mode": "",
            "object_lock_retain_until_date": "",
            "server_side_encryption": "AES256",
            "source": "./website-resources/blog/post-1.html",
            "source_hash": null,
            "storage_class": "STANDARD",
            "tags": {},
            "tags_all": {},
            "version_id": "",
            "website_redirect": ""
          },
          "sensitive_attributes": [],
          "private": "bnVsbA==",
          "dependencies": [
            "aws_s3_bucket.hosting_bucket"
          ]
        },
        {
          "index_key": "blog/post-2.html",
          "schema_version": 0,
          "attributes": {
            "acl": null,
            "bucket": "hms-victory",
            "bucket_key_enabled": false,
            "cache_control": "",
            "content": null,
            "content_base64": null,
            "content_disposition": "",
            "content_encoding": "",
            "content_language": "",
            "content_type": "text/html; charset=utf-8",
            "etag": "afc041331c58210b70e704b5e1f9039c",
            "force_destroy": false,
            "id": "blog/post-2.html",
            "key": "blog/post-2.html",
            "kms_key_id": null,
            "metadata": {},
            "object_lock_legal_hold_status": "",
            "object_lock_mode": "",
            "object_lock_retain_until_date": "",
            "server_side_encryption": "AES256",
            "source": "./website-resources/blog/post-2.html",
            "source_hash": null,
            "storage_class": "STANDARD",
            "tags": {},
            "tags_all": {},
            "version_id": "",
            "website_redirect": ""
          },
          "sensitive_attributes": [],
          "private": "bnVsbA==",
          "dependencies": [
            "aws_s3_bucket.hosting_bucket"
          ]
        },
        {
          "index_key": "blog/post-3.html",
          "schema_version": 0,
          "attributes": {
            "acl": null,
            "bucket": "hms-victory",
            "bucket_key_enabled": false,
            "cache_control": "",
            "content": null,
            "content_base64": null,
            "content_disposition": "",
            "content_encoding": "",
            "content_language": "",
            "content_type": "text/html; charset=utf-8",
            "etag": "aa9956c5eb8923b1b35957022bee48f9",
            "force_destroy": false,
            "id": "blog/post-3.html",
            "key": "blog/post-3.html",
            "kms_key_id": null,
            "metadata": {},
            "object_lock_legal_hold_status": "",
            "object_lock_mode": "",
            "object_lock_retain_until_date": "",
            "server_side_encryption": "AES256",
            "source": "./website-resources/blog/post-3.html",
            "source_hash": null,
            "storage_class": "STANDARD",
            "tags": {},
            "tags_all": {},
            "version_id": "",
            "website_redirect": ""
          },
          "sensitive_attributes": [],
          "private": "bnVsbA==",
          "dependencies": [
            "aws_s3_bucket.hosting_bucket"
          ]
        },
        {
          "index_key": "blog/post-4.html",
          "schema_version": 0,
          "attributes": {
            "acl": null,
            "bucket": "hms-victory",
            "bucket_key_enabled": false,
            "cache_control": "",
            "content": null,
            "content_base64": null,
            "content_disposition": "",
            "content_encoding": "",
            "content_language": "",
            "content_type": "text/html; charset=utf-8",
            "etag": "4d7085f4c7a688d9ad4b2878f27fcdbf",
            "force_destroy": false,
            "id": "blog/post-4.html",
            "key": "blog/post-4.html",
            "kms_key_id": null,
            "metadata": {},
            "object_lock_legal_hold_status": "",
            "object_lock_mode": "",
            "object_lock_retain_until_date": "",
            "server_side_encryption": "AES256",
            "source": "./website-resources/blog/post-4.html",
            "source_hash": null,
            "storage_class": "STANDARD",
            "tags": {},
            "tags_all": {},
            "version_id": "",
            "website_redirect": ""
          },
          "sensitive_attributes": [],
          "private": "bnVsbA==",
          "dependencies": [
            "aws_s3_bucket.hosting_bucket"
          ]
        },
        {
          "index_key": "blog/post-5.html",
          "schema_version": 0,
          "attributes": {
            "acl": null,
            "bucket": "hms-victory",
            "bucket_key_enabled": false,
            "cache_control": "",
            "content": null,
            "content_base64": null,
            "content_disposition": "",
            "content_encoding": "",
            "content_language": "",
            "content_type": "text/html; charset=utf-8",
            "etag": "7987897c11e09e6996eaff0b8a36aa75",
            "force_destroy": false,
            "id": "blog/post-5.html",
            "key": "blog/post-5.html",
            "kms_key_id": null,
            "metadata": {},
            "object_lock_legal_hold_status": "",
            "object_lock_mode": "",
            "object_lock_retain_until_date": "",
            "server_side_encryption": "AES256",
            "source": "./website-resources/blog/post-5.html",
            "source_hash": null,
            "storage_class": "STANDARD",
            "tags": {},
            "tags_all": {},
            "version_id": "",
            "website_redirect": ""
          },
          "sensitive_attributes": [],
          "private": "bnVsbA==",
          "dependencies": [
            "aws_s3_bucket.hosting_bucket"
          ]
        },
        {
          "index_key": "blog/post.html",
          "schema_version": 0,
          "attributes": {
            "acl": null,
            "bucket": "hms-victory",
            "bucket_key_enabled": false,
            "cache_control": "",
            "content": null,
            "content_base64": null,
            "content_disposition": "",
            "content_encoding": "",
            "content_language": "",
            "content_type": "text/html; charset=utf-8",
            "etag": "c882d546a7a5b7f6ddc8b231f653362c",
            "force_destroy": false,
            "id": "blog/post.html",
            "key": "blog/post.html",
            "kms_key_id": null,
            "metadata": {},
            "object_lock_legal_hold_status": "",
            "object_lock_mode": "",
            "object_lock_retain_until_date": "",
            "server_side_encryption": "AES256",
            "source": "./website-resources/blog/post.html",
            "source_hash": null,
            "storage_class": "STANDARD",
            "tags": {},
            "tags_all": {},
            "version_id": "",
            "website_redirect": ""
          },
          "sensitive_attributes": [],
          "private": "bnVsbA==",
          "dependencies": [
            "aws_s3_bucket.hosting_bucket"
          ]
        },
        {
          "index_key": "images/.DS_Store",
          "schema_version": 0,
          "attributes": {
            "acl": null,
            "bucket": "hms-victory",
            "bucket_key_enabled": false,
            "cache_control": "",
            "content": null,
            "content_base64": null,
            "content_disposition": "",
            "content_encoding": "",
            "content_language": "",
            "content_type": "application/octet-stream",
            "etag": "39b8d193088d2902878ecb629ca28b19",
            "force_destroy": false,
            "id": "images/.DS_Store",
            "key": "images/.DS_Store",
            "kms_key_id": null,
            "metadata": {},
            "object_lock_legal_hold_status": "",
            "object_lock_mode": "",
            "object_lock_retain_until_date": "",
            "server_side_encryption": "AES256",
            "source": "./website-resources/images/.DS_Store",
            "source_hash": null,
            "storage_class": "STANDARD",
            "tags": {},
            "tags_all": {},
            "version_id": "",
            "website_redirect": ""
          },
          "sensitive_attributes": [],
          "private": "bnVsbA==",
          "dependencies": [
            "aws_s3_bucket.hosting_bucket"
          ]
        },
        {
          "index_key": "images/0fd3416c.jpeg",
          "schema_version": 0,
          "attributes": {
            "acl": null,
            "bucket": "hms-victory",
            "bucket_key_enabled": false,
            "cache_control": "",
            "content": null,
            "content_base64": null,
            "content_disposition": "",
            "content_encoding": "",
            "content_language": "",
            "content_type": "image/jpeg",
            "etag": "83180f47920150d8f7e1361a2e04a483",
            "force_destroy": false,
            "id": "images/0fd3416c.jpeg",
            "key": "images/0fd3416c.jpeg",
            "kms_key_id": null,
            "metadata": {},
            "object_lock_legal_hold_status": "",
            "object_lock_mode": "",
            "object_lock_retain_until_date": "",
            "server_side_encryption": "AES256",
            "source": "./website-resources/images/0fd3416c.jpeg",
            "source_hash": null,
            "storage_class": "STANDARD",
            "tags": {},
            "tags_all": {},
            "version_id": "",
            "website_redirect": ""
          },
          "sensitive_attributes": [],
          "private": "bnVsbA==",
          "dependencies": [
            "aws_s3_bucket.hosting_bucket"
          ]
        },
        {
          "index_key": "images/1645553469-hcta0-badge.webp",
          "schema_version": 0,
          "attributes": {
            "acl": null,
            "bucket": "hms-victory",
            "bucket_key_enabled": false,
            "cache_control": "",
            "content": null,
            "content_base64": null,
            "content_disposition": "",
            "content_encoding": "",
            "content_language": "",
            "content_type": "image/webp",
            "etag": "634705d6138641c9377e95421d0566da",
            "force_destroy": false,
            "id": "images/1645553469-hcta0-badge.webp",
            "key": "images/1645553469-hcta0-badge.webp",
            "kms_key_id": null,
            "metadata": {},
            "object_lock_legal_hold_status": "",
            "object_lock_mode": "",
            "object_lock_retain_until_date": "",
            "server_side_encryption": "AES256",
            "source": "./website-resources/images/1645553469-hcta0-badge.webp",
            "source_hash": null,
            "storage_class": "STANDARD",
            "tags": {},
            "tags_all": {},
            "version_id": "",
            "website_redirect": ""
          },
          "sensitive_attributes": [],
          "private": "bnVsbA==",
          "dependencies": [
            "aws_s3_bucket.hosting_bucket"
          ]
        },
        {
          "index_key": "images/3291695.png",
          "schema_version": 0,
          "attributes": {
            "acl": null,
            "bucket": "hms-victory",
            "bucket_key_enabled": false,
            "cache_control": "",
            "content": null,
            "content_base64": null,
            "content_disposition": "",
            "content_encoding": "",
            "content_language": "",
            "content_type": "image/png",
            "etag": "6afff3d60f77bf5309295b4f4b865695",
            "force_destroy": false,
            "id": "images/3291695.png",
            "key": "images/3291695.png",
            "kms_key_id": null,
            "metadata": {},
            "object_lock_legal_hold_status": "",
            "object_lock_mode": "",
            "object_lock_retain_until_date": "",
            "server_side_encryption": "AES256",
            "source": "./website-resources/images/3291695.png",
            "source_hash": null,
            "storage_class": "STANDARD",
            "tags": {},
            "tags_all": {},
            "version_id": "",
            "website_redirect": ""
          },
          "sensitive_attributes": [],
          "private": "bnVsbA==",
          "dependencies": [
            "aws_s3_bucket.hosting_bucket"
          ]
        },
        {
          "index_key": "images/68f64b9d.jpeg",
          "schema_version": 0,
          "attributes": {
            "acl": null,
            "bucket": "hms-victory",
            "bucket_key_enabled": false,
            "cache_control": "",
            "content": null,
            "content_base64": null,
            "content_disposition": "",
            "content_encoding": "",
            "content_language": "",
            "content_type": "image/jpeg",
            "etag": "1b5b0e08eadd83160fe6e78bec62253d",
            "force_destroy": false,
            "id": "images/68f64b9d.jpeg",
            "key": "images/68f64b9d.jpeg",
            "kms_key_id": null,
            "metadata": {},
            "object_lock_legal_hold_status": "",
            "object_lock_mode": "",
            "object_lock_retain_until_date": "",
            "server_side_encryption": "AES256",
            "source": "./website-resources/images/68f64b9d.jpeg",
            "source_hash": null,
            "storage_class": "STANDARD",
            "tags": {},
            "tags_all": {},
            "version_id": "",
            "website_redirect": ""
          },
          "sensitive_attributes": [],
          "private": "bnVsbA==",
          "dependencies": [
            "aws_s3_bucket.hosting_bucket"
          ]
        },
        {
          "index_key": "images/8ad73f3c.jpeg",
          "schema_version": 0,
          "attributes": {
            "acl": null,
            "bucket": "hms-victory",
            "bucket_key_enabled": false,
            "cache_control": "",
            "content": null,
            "content_base64": null,
            "content_disposition": "",
            "content_encoding": "",
            "content_language": "",
            "content_type": "image/jpeg",
            "etag": "1e68912ce811b4064017a566bbc5073c",
            "force_destroy": false,
            "id": "images/8ad73f3c.jpeg",
            "key": "images/8ad73f3c.jpeg",
            "kms_key_id": null,
            "metadata": {},
            "object_lock_legal_hold_status": "",
            "object_lock_mode": "",
            "object_lock_retain_until_date": "",
            "server_side_encryption": "AES256",
            "source": "./website-resources/images/8ad73f3c.jpeg",
            "source_hash": null,
            "storage_class": "STANDARD",
            "tags": {},
            "tags_all": {},
            "version_id": "",
            "website_redirect": ""
          },
          "sensitive_attributes": [],
          "private": "bnVsbA==",
          "dependencies": [
            "aws_s3_bucket.hosting_bucket"
          ]
        },
        {
          "index_key": "images/AWS-Certified-Cloud-Practitioner_badge.634f8a21af2e0e956ed8905a72366146ba22b74c.png",
          "schema_version": 0,
          "attributes": {
            "acl": null,
            "bucket": "hms-victory",
            "bucket_key_enabled": false,
            "cache_control": "",
            "content": null,
            "content_base64": null,
            "content_disposition": "",
            "content_encoding": "",
            "content_language": "",
            "content_type": "image/png",
            "etag": "25ede0a68143e8c852fd634ce70c16b3",
            "force_destroy": false,
            "id": "images/AWS-Certified-Cloud-Practitioner_badge.634f8a21af2e0e956ed8905a72366146ba22b74c.png",
            "key": "images/AWS-Certified-Cloud-Practitioner_badge.634f8a21af2e0e956ed8905a72366146ba22b74c.png",
            "kms_key_id": null,
            "metadata": {},
            "object_lock_legal_hold_status": "",
            "object_lock_mode": "",
            "object_lock_retain_until_date": "",
            "server_side_encryption": "AES256",
            "source": "./website-resources/images/AWS-Certified-Cloud-Practitioner_badge.634f8a21af2e0e956ed8905a72366146ba22b74c.png",
            "source_hash": null,
            "storage_class": "STANDARD",
            "tags": {},
            "tags_all": {},
            "version_id": "",
            "website_redirect": ""
          },
          "sensitive_attributes": [],
          "private": "bnVsbA==",
          "dependencies": [
            "aws_s3_bucket.hosting_bucket"
          ]
        },
        {
          "index_key": "images/AWS-Certified-DevOps-Engineer-Professional_badge.7492bf660b5351e51f3f8015e4818924294a7e8c.png",
          "schema_version": 0,
          "attributes": {
            "acl": null,
            "bucket": "hms-victory",
            "bucket_key_enabled": false,
            "cache_control": "",
            "content": null,
            "content_base64": null,
            "content_disposition": "",
            "content_encoding": "",
            "content_language": "",
            "content_type": "image/png",
            "etag": "4d10ca8d8ae89bdb746197a89deabcd5",
            "force_destroy": false,
            "id": "images/AWS-Certified-DevOps-Engineer-Professional_badge.7492bf660b5351e51f3f8015e4818924294a7e8c.png",
            "key": "images/AWS-Certified-DevOps-Engineer-Professional_badge.7492bf660b5351e51f3f8015e4818924294a7e8c.png",
            "kms_key_id": null,
            "metadata": {},
            "object_lock_legal_hold_status": "",
            "object_lock_mode": "",
            "object_lock_retain_until_date": "",
            "server_side_encryption": "AES256",
            "source": "./website-resources/images/AWS-Certified-DevOps-Engineer-Professional_badge.7492bf660b5351e51f3f8015e4818924294a7e8c.png",
            "source_hash": null,
            "storage_class": "STANDARD",
            "tags": {},
            "tags_all": {},
            "version_id": "",
            "website_redirect": ""
          },
          "sensitive_attributes": [],
          "private": "bnVsbA==",
          "dependencies": [
            "aws_s3_bucket.hosting_bucket"
          ]
        },
        {
          "index_key": "images/AWS-Certified-Developer-Associate_badge.5c083fa855fe82c1cf2d0c8b883c265ec72a17c0.png",
          "schema_version": 0,
          "attributes": {
            "acl": null,
            "bucket": "hms-victory",
            "bucket_key_enabled": false,
            "cache_control": "",
            "content": null,
            "content_base64": null,
            "content_disposition": "",
            "content_encoding": "",
            "content_language": "",
            "content_type": "image/png",
            "etag": "7e55198372391dce4bcb5b98f3f83c21",
            "force_destroy": false,
            "id": "images/AWS-Certified-Developer-Associate_badge.5c083fa855fe82c1cf2d0c8b883c265ec72a17c0.png",
            "key": "images/AWS-Certified-Developer-Associate_badge.5c083fa855fe82c1cf2d0c8b883c265ec72a17c0.png",
            "kms_key_id": null,
            "metadata": {},
            "object_lock_legal_hold_status": "",
            "object_lock_mode": "",
            "object_lock_retain_until_date": "",
            "server_side_encryption": "AES256",
            "source": "./website-resources/images/AWS-Certified-Developer-Associate_badge.5c083fa855fe82c1cf2d0c8b883c265ec72a17c0.png",
            "source_hash": null,
            "storage_class": "STANDARD",
            "tags": {},
            "tags_all": {},
            "version_id": "",
            "website_redirect": ""
          },
          "sensitive_attributes": [],
          "private": "bnVsbA==",
          "dependencies": [
            "aws_s3_bucket.hosting_bucket"
          ]
        },
        {
          "index_key": "images/AWS-Certified-Solutions-Architect-Associate_badge.3419559c682629072f1eb968d59dea0741772c0f.png",
          "schema_version": 0,
          "attributes": {
            "acl": null,
            "bucket": "hms-victory",
            "bucket_key_enabled": false,
            "cache_control": "",
            "content": null,
            "content_base64": null,
            "content_disposition": "",
            "content_encoding": "",
            "content_language": "",
            "content_type": "image/png",
            "etag": "5637ebfec8c4f63aec26209395d95130",
            "force_destroy": false,
            "id": "images/AWS-Certified-Solutions-Architect-Associate_badge.3419559c682629072f1eb968d59dea0741772c0f.png",
            "key": "images/AWS-Certified-Solutions-Architect-Associate_badge.3419559c682629072f1eb968d59dea0741772c0f.png",
            "kms_key_id": null,
            "metadata": {},
            "object_lock_legal_hold_status": "",
            "object_lock_mode": "",
            "object_lock_retain_until_date": "",
            "server_side_encryption": "AES256",
            "source": "./website-resources/images/AWS-Certified-Solutions-Architect-Associate_badge.3419559c682629072f1eb968d59dea0741772c0f.png",
            "source_hash": null,
            "storage_class": "STANDARD",
            "tags": {},
            "tags_all": {},
            "version_id": "",
            "website_redirect": ""
          },
          "sensitive_attributes": [],
          "private": "bnVsbA==",
          "dependencies": [
            "aws_s3_bucket.hosting_bucket"
          ]
        },
        {
          "index_key": "images/AWS-Certified-SysOps-Administrator-Associate_badge.c3586b02748654fb588633314dd66a1d6841893b.png",
          "schema_version": 0,
          "attributes": {
            "acl": null,
            "bucket": "hms-victory",
            "bucket_key_enabled": false,
            "cache_control": "",
            "content": null,
            "content_base64": null,
            "content_disposition": "",
            "content_encoding": "",
            "content_language": "",
            "content_type": "image/png",
            "etag": "3269c7a6ac0992f8aa86619cd4395cb0",
            "force_destroy": false,
            "id": "images/AWS-Certified-SysOps-Administrator-Associate_badge.c3586b02748654fb588633314dd66a1d6841893b.png",
            "key": "images/AWS-Certified-SysOps-Administrator-Associate_badge.c3586b02748654fb588633314dd66a1d6841893b.png",
            "kms_key_id": null,
            "metadata": {},
            "object_lock_legal_hold_status": "",
            "object_lock_mode": "",
            "object_lock_retain_until_date": "",
            "server_side_encryption": "AES256",
            "source": "./website-resources/images/AWS-Certified-SysOps-Administrator-Associate_badge.c3586b02748654fb588633314dd66a1d6841893b.png",
            "source_hash": null,
            "storage_class": "STANDARD",
            "tags": {},
            "tags_all": {},
            "version_id": "",
            "website_redirect": ""
          },
          "sensitive_attributes": [],
          "private": "bnVsbA==",
          "dependencies": [
            "aws_s3_bucket.hosting_bucket"
          ]
        },
        {
          "index_key": "images/Certification-311411343-lpic-1.jpeg",
          "schema_version": 0,
          "attributes": {
            "acl": null,
            "bucket": "hms-victory",
            "bucket_key_enabled": false,
            "cache_control": "",
            "content": null,
            "content_base64": null,
            "content_disposition": "",
            "content_encoding": "",
            "content_language": "",
            "content_type": "image/jpeg",
            "etag": "a6256c3922e6e99fdea1386338629a26",
            "force_destroy": false,
            "id": "images/Certification-311411343-lpic-1.jpeg",
            "key": "images/Certification-311411343-lpic-1.jpeg",
            "kms_key_id": null,
            "metadata": {},
            "object_lock_legal_hold_status": "",
            "object_lock_mode": "",
            "object_lock_retain_until_date": "",
            "server_side_encryption": "AES256",
            "source": "./website-resources/images/Certification-311411343-lpic-1.jpeg",
            "source_hash": null,
            "storage_class": "STANDARD",
            "tags": {},
            "tags_all": {},
            "version_id": "",
            "website_redirect": ""
          },
          "sensitive_attributes": [],
          "private": "bnVsbA==",
          "dependencies": [
            "aws_s3_bucket.hosting_bucket"
          ]
        },
        {
          "index_key": "images/Screenshot2023-06-07at19.19.36.png",
          "schema_version": 0,
          "attributes": {
            "acl": null,
            "bucket": "hms-victory",
            "bucket_key_enabled": false,
            "cache_control": "",
            "content": null,
            "content_base64": null,
            "content_disposition": "",
            "content_encoding": "",
            "content_language": "",
            "content_type": "image/png",
            "etag": "1b8c18c1f63e0813c19ba2c4531fcc5d",
            "force_destroy": false,
            "id": "images/Screenshot2023-06-07at19.19.36.png",
            "key": "images/Screenshot2023-06-07at19.19.36.png",
            "kms_key_id": null,
            "metadata": {},
            "object_lock_legal_hold_status": "",
            "object_lock_mode": "",
            "object_lock_retain_until_date": "",
            "server_side_encryption": "AES256",
            "source": "./website-resources/images/Screenshot2023-06-07at19.19.36.png",
            "source_hash": null,
            "storage_class": "STANDARD",
            "tags": {},
            "tags_all": {},
            "version_id": "",
            "website_redirect": ""
          },
          "sensitive_attributes": [],
          "private": "bnVsbA==",
          "dependencies": [
            "aws_s3_bucket.hosting_bucket"
          ]
        },
        {
          "index_key": "images/default-logo.png",
          "schema_version": 0,
          "attributes": {
            "acl": null,
            "bucket": "hms-victory",
            "bucket_key_enabled": false,
            "cache_control": "",
            "content": null,
            "content_base64": null,
            "content_disposition": "",
            "content_encoding": "",
            "content_language": "",
            "content_type": "image/png",
            "etag": "c788ab934795d6896b675b10861401c2",
            "force_destroy": false,
            "id": "images/default-logo.png",
            "key": "images/default-logo.png",
            "kms_key_id": null,
            "metadata": {},
            "object_lock_legal_hold_status": "",
            "object_lock_mode": "",
            "object_lock_retain_until_date": "",
            "server_side_encryption": "AES256",
            "source": "./website-resources/images/default-logo.png",
            "source_hash": null,
            "storage_class": "STANDARD",
            "tags": {},
            "tags_all": {},
            "version_id": "",
            "website_redirect": ""
          },
          "sensitive_attributes": [],
          "private": "bnVsbA==",
          "dependencies": [
            "aws_s3_bucket.hosting_bucket"
          ]
        },
        {
          "index_key": "images/git.png",
          "schema_version": 0,
          "attributes": {
            "acl": null,
            "bucket": "hms-victory",
            "bucket_key_enabled": false,
            "cache_control": "",
            "content": null,
            "content_base64": null,
            "content_disposition": "",
            "content_encoding": "",
            "content_language": "",
            "content_type": "image/png",
            "etag": "6afff3d60f77bf5309295b4f4b865695",
            "force_destroy": false,
            "id": "images/git.png",
            "key": "images/git.png",
            "kms_key_id": null,
            "metadata": {},
            "object_lock_legal_hold_status": "",
            "object_lock_mode": "",
            "object_lock_retain_until_date": "",
            "server_side_encryption": "AES256",
            "source": "./website-resources/images/git.png",
            "source_hash": null,
            "storage_class": "STANDARD",
            "tags": {},
            "tags_all": {},
            "version_id": "",
            "website_redirect": ""
          },
          "sensitive_attributes": [],
          "private": "bnVsbA==",
          "dependencies": [
            "aws_s3_bucket.hosting_bucket"
          ]
        },
        {
          "index_key": "images/logo_cka_whitetext-300x293.png",
          "schema_version": 0,
          "attributes": {
            "acl": null,
            "bucket": "hms-victory",
            "bucket_key_enabled": false,
            "cache_control": "",
            "content": null,
            "content_base64": null,
            "content_disposition": "",
            "content_encoding": "",
            "content_language": "",
            "content_type": "image/png",
            "etag": "d4a9fd04be10ee15b3b09d27302355ee",
            "force_destroy": false,
            "id": "images/logo_cka_whitetext-300x293.png",
            "key": "images/logo_cka_whitetext-300x293.png",
            "kms_key_id": null,
            "metadata": {},
            "object_lock_legal_hold_status": "",
            "object_lock_mode": "",
            "object_lock_retain_until_date": "",
            "server_side_encryption": "AES256",
            "source": "./website-resources/images/logo_cka_whitetext-300x293.png",
            "source_hash": null,
            "storage_class": "STANDARD",
            "tags": {},
            "tags_all": {},
            "version_id": "",
            "website_redirect": ""
          },
          "sensitive_attributes": [],
          "private": "bnVsbA==",
          "dependencies": [
            "aws_s3_bucket.hosting_bucket"
          ]
        },
        {
          "index_key": "images/multicloud-bundle.png",
          "schema_version": 0,
          "attributes": {
            "acl": null,
            "bucket": "hms-victory",
            "bucket_key_enabled": false,
            "cache_control": "",
            "content": null,
            "content_base64": null,
            "content_disposition": "",
            "content_encoding": "",
            "content_language": "",
            "content_type": "image/png",
            "etag": "63e9ae618e7e6d338aeac50db9a4aa7c",
            "force_destroy": false,
            "id": "images/multicloud-bundle.png",
            "key": "images/multicloud-bundle.png",
            "kms_key_id": null,
            "metadata": {},
            "object_lock_legal_hold_status": "",
            "object_lock_mode": "",
            "object_lock_retain_until_date": "",
            "server_side_encryption": "AES256",
            "source": "./website-resources/images/multicloud-bundle.png",
            "source_hash": null,
            "storage_class": "STANDARD",
            "tags": {},
            "tags_all": {},
            "version_id": "",
            "website_redirect": ""
          },
          "sensitive_attributes": [],
          "private": "bnVsbA==",
          "dependencies": [
            "aws_s3_bucket.hosting_bucket"
          ]
        },
        {
          "index_key": "index.html",
          "schema_version": 0,
          "attributes": {
            "acl": null,
            "bucket": "hms-victory",
            "bucket_key_enabled": false,
            "cache_control": "",
            "content": null,
            "content_base64": null,
            "content_disposition": "",
            "content_encoding": "",
            "content_language": "",
            "content_type": "text/html; charset=utf-8",
            "etag": "44f615bbb035017bd435739cc2860b9b",
            "force_destroy": false,
            "id": "index.html",
            "key": "index.html",
            "kms_key_id": null,
            "metadata": {},
            "object_lock_legal_hold_status": "",
            "object_lock_mode": "",
            "object_lock_retain_until_date": "",
            "server_side_encryption": "AES256",
            "source": "./website-resources/index.html",
            "source_hash": null,
            "storage_class": "STANDARD",
            "tags": {},
            "tags_all": {},
            "version_id": "",
            "website_redirect": ""
          },
          "sensitive_attributes": [],
          "private": "bnVsbA==",
          "dependencies": [
            "aws_s3_bucket.hosting_bucket"
          ]
        },
        {
          "index_key": "intlTelInput/intlTelInput.css",
          "schema_version": 0,
          "attributes": {
            "acl": null,
            "bucket": "hms-victory",
            "bucket_key_enabled": false,
            "cache_control": "",
            "content": null,
            "content_base64": null,
            "content_disposition": "",
            "content_encoding": "",
            "content_language": "",
            "content_type": "text/css; charset=utf-8",
            "etag": "b3288b02844ae56e1c88d4753242b1f9",
            "force_destroy": false,
            "id": "intlTelInput/intlTelInput.css",
            "key": "intlTelInput/intlTelInput.css",
            "kms_key_id": null,
            "metadata": {},
            "object_lock_legal_hold_status": "",
            "object_lock_mode": "",
            "object_lock_retain_until_date": "",
            "server_side_encryption": "AES256",
            "source": "./website-resources/intlTelInput/intlTelInput.css",
            "source_hash": null,
            "storage_class": "STANDARD",
            "tags": {},
            "tags_all": {},
            "version_id": "",
            "website_redirect": ""
          },
          "sensitive_attributes": [],
          "private": "bnVsbA==",
          "dependencies": [
            "aws_s3_bucket.hosting_bucket"
          ]
        },
        {
          "index_key": "intlTelInput/intlTelInput.min.js",
          "schema_version": 0,
          "attributes": {
            "acl": null,
            "bucket": "hms-victory",
            "bucket_key_enabled": false,
            "cache_control": "",
            "content": null,
            "content_base64": null,
            "content_disposition": "",
            "content_encoding": "",
            "content_language": "",
            "content_type": "application/javascript",
            "etag": "06f4a5635b15be120882f95cf91d9ca8",
            "force_destroy": false,
            "id": "intlTelInput/intlTelInput.min.js",
            "key": "intlTelInput/intlTelInput.min.js",
            "kms_key_id": null,
            "metadata": {},
            "object_lock_legal_hold_status": "",
            "object_lock_mode": "",
            "object_lock_retain_until_date": "",
            "server_side_encryption": "AES256",
            "source": "./website-resources/intlTelInput/intlTelInput.min.js",
            "source_hash": null,
            "storage_class": "STANDARD",
            "tags": {},
            "tags_all": {},
            "version_id": "",
            "website_redirect": ""
          },
          "sensitive_attributes": [],
          "private": "bnVsbA==",
          "dependencies": [
            "aws_s3_bucket.hosting_bucket"
          ]
        },
        {
          "index_key": "intlTelInput/utils.js",
          "schema_version": 0,
          "attributes": {
            "acl": null,
            "bucket": "hms-victory",
            "bucket_key_enabled": false,
            "cache_control": "",
            "content": null,
            "content_base64": null,
            "content_disposition": "",
            "content_encoding": "",
            "content_language": "",
            "content_type": "application/javascript",
            "etag": "529f2ace653a8d9767caecad095b3c57",
            "force_destroy": false,
            "id": "intlTelInput/utils.js",
            "key": "intlTelInput/utils.js",
            "kms_key_id": null,
            "metadata": {},
            "object_lock_legal_hold_status": "",
            "object_lock_mode": "",
            "object_lock_retain_until_date": "",
            "server_side_encryption": "AES256",
            "source": "./website-resources/intlTelInput/utils.js",
            "source_hash": null,
            "storage_class": "STANDARD",
            "tags": {},
            "tags_all": {},
            "version_id": "",
            "website_redirect": ""
          },
          "sensitive_attributes": [],
          "private": "bnVsbA==",
          "dependencies": [
            "aws_s3_bucket.hosting_bucket"
          ]
        },
        {
          "index_key": "jquery.js",
          "schema_version": 0,
          "attributes": {
            "acl": null,
            "bucket": "hms-victory",
            "bucket_key_enabled": false,
            "cache_control": "",
            "content": null,
            "content_base64": null,
            "content_disposition": "",
            "content_encoding": "",
            "content_language": "",
            "content_type": "application/javascript",
            "etag": "dc5e7f18c8d36ac1d3d4753a87c98d0a",
            "force_destroy": false,
            "id": "jquery.js",
            "key": "jquery.js",
            "kms_key_id": null,
            "metadata": {},
            "object_lock_legal_hold_status": "",
            "object_lock_mode": "",
            "object_lock_retain_until_date": "",
            "server_side_encryption": "AES256",
            "source": "./website-resources/jquery.js",
            "source_hash": null,
            "storage_class": "STANDARD",
            "tags": {},
            "tags_all": {},
            "version_id": "",
            "website_redirect": ""
          },
          "sensitive_attributes": [],
          "private": "bnVsbA==",
          "dependencies": [
            "aws_s3_bucket.hosting_bucket"
          ]
        },
        {
          "index_key": "nicepage.css",
          "schema_version": 0,
          "attributes": {
            "acl": null,
            "bucket": "hms-victory",
            "bucket_key_enabled": false,
            "cache_control": "",
            "content": null,
            "content_base64": null,
            "content_disposition": "",
            "content_encoding": "",
            "content_language": "",
            "content_type": "text/css; charset=utf-8",
            "etag": "cc16841b2c7774518bf9bb4f2f140ed4",
            "force_destroy": false,
            "id": "nicepage.css",
            "key": "nicepage.css",
            "kms_key_id": null,
            "metadata": {},
            "object_lock_legal_hold_status": "",
            "object_lock_mode": "",
            "object_lock_retain_until_date": "",
            "server_side_encryption": "AES256",
            "source": "./website-resources/nicepage.css",
            "source_hash": null,
            "storage_class": "STANDARD",
            "tags": {},
            "tags_all": {},
            "version_id": "",
            "website_redirect": ""
          },
          "sensitive_attributes": [],
          "private": "bnVsbA==",
          "dependencies": [
            "aws_s3_bucket.hosting_bucket"
          ]
        },
        {
          "index_key": "nicepage.js",
          "schema_version": 0,
          "attributes": {
            "acl": null,
            "bucket": "hms-victory",
            "bucket_key_enabled": false,
            "cache_control": "",
            "content": null,
            "content_base64": null,
            "content_disposition": "",
            "content_encoding": "",
            "content_language": "",
            "content_type": "application/javascript",
            "etag": "7e1089745e3d680d7f73783356b56dee",
            "force_destroy": false,
            "id": "nicepage.js",
            "key": "nicepage.js",
            "kms_key_id": null,
            "metadata": {},
            "object_lock_legal_hold_status": "",
            "object_lock_mode": "",
            "object_lock_retain_until_date": "",
            "server_side_encryption": "AES256",
            "source": "./website-resources/nicepage.js",
            "source_hash": null,
            "storage_class": "STANDARD",
            "tags": {},
            "tags_all": {},
            "version_id": "",
            "website_redirect": ""
          },
          "sensitive_attributes": [],
          "private": "bnVsbA==",
          "dependencies": [
            "aws_s3_bucket.hosting_bucket"
          ]
        }
      ]
    },
    {
      "mode": "managed",
      "type": "aws_s3_object",
      "name": "object",
      "provider": "provider[\"registry.terraform.io/hashicorp/aws\"]",
      "instances": [
        {
          "index_key": ".DS_Store",
          "schema_version": 0,
          "attributes": {
            "acl": null,
            "bucket": "hms-victory",
            "bucket_key_enabled": false,
            "cache_control": "",
            "content": null,
            "content_base64": null,
            "content_disposition": "",
            "content_encoding": "",
            "content_language": "",
            "content_type": "application/octet-stream",
            "etag": "55ddf7503a4e2f734f3c4da34e514e04",
            "force_destroy": false,
            "id": ".DS_Store",
            "key": ".DS_Store",
            "kms_key_id": null,
            "metadata": {},
            "object_lock_legal_hold_status": "",
            "object_lock_mode": "",
            "object_lock_retain_until_date": "",
            "server_side_encryption": "AES256",
            "source": "./website-resources/.DS_Store",
            "source_hash": null,
            "storage_class": "STANDARD",
            "tags": {},
            "tags_all": {},
            "version_id": "",
            "website_redirect": ""
          },
          "sensitive_attributes": [],
          "private": "bnVsbA=="
        },
        {
          "index_key": "About.css",
          "schema_version": 0,
          "attributes": {
            "acl": null,
            "bucket": "hms-victory",
            "bucket_key_enabled": false,
            "cache_control": "",
            "content": null,
            "content_base64": null,
            "content_disposition": "",
            "content_encoding": "",
            "content_language": "",
            "content_type": "text/css; charset=utf-8",
            "etag": "e2f56cf77e8ca9b582000486000c7b78",
            "force_destroy": false,
            "id": "About.css",
            "key": "About.css",
            "kms_key_id": null,
            "metadata": {},
            "object_lock_legal_hold_status": "",
            "object_lock_mode": "",
            "object_lock_retain_until_date": "",
            "server_side_encryption": "AES256",
            "source": "./website-resources/About.css",
            "source_hash": null,
            "storage_class": "STANDARD",
            "tags": {},
            "tags_all": {},
            "version_id": "",
            "website_redirect": ""
          },
          "sensitive_attributes": [],
          "private": "bnVsbA=="
        },
        {
          "index_key": "About.html",
          "schema_version": 0,
          "attributes": {
            "acl": null,
            "bucket": "hms-victory",
            "bucket_key_enabled": false,
            "cache_control": "",
            "content": null,
            "content_base64": null,
            "content_disposition": "",
            "content_encoding": "",
            "content_language": "",
            "content_type": "text/html; charset=utf-8",
            "etag": "0c4298fce31aecae0835eca4a0cbbf64",
            "force_destroy": false,
            "id": "About.html",
            "key": "About.html",
            "kms_key_id": null,
            "metadata": {},
            "object_lock_legal_hold_status": "",
            "object_lock_mode": "",
            "object_lock_retain_until_date": "",
            "server_side_encryption": "AES256",
            "source": "./website-resources/About.html",
            "source_hash": null,
            "storage_class": "STANDARD",
            "tags": {},
            "tags_all": {},
            "version_id": "",
            "website_redirect": ""
          },
          "sensitive_attributes": [],
          "private": "bnVsbA=="
        },
        {
          "index_key": "Blog-Template.css",
          "schema_version": 0,
          "attributes": {
            "acl": null,
            "bucket": "hms-victory",
            "bucket_key_enabled": false,
            "cache_control": "",
            "content": null,
            "content_base64": null,
            "content_disposition": "",
            "content_encoding": "",
            "content_language": "",
            "content_type": "text/css; charset=utf-8",
            "etag": "9898d56651e1c7e050c2c31da1b923a1",
            "force_destroy": false,
            "id": "Blog-Template.css",
            "key": "Blog-Template.css",
            "kms_key_id": null,
            "metadata": {},
            "object_lock_legal_hold_status": "",
            "object_lock_mode": "",
            "object_lock_retain_until_date": "",
            "server_side_encryption": "AES256",
            "source": "./website-resources/Blog-Template.css",
            "source_hash": null,
            "storage_class": "STANDARD",
            "tags": {},
            "tags_all": {},
            "version_id": "",
            "website_redirect": ""
          },
          "sensitive_attributes": [],
          "private": "bnVsbA=="
        },
        {
          "index_key": "Blog.css",
          "schema_version": 0,
          "attributes": {
            "acl": null,
            "bucket": "hms-victory",
            "bucket_key_enabled": false,
            "cache_control": "",
            "content": null,
            "content_base64": null,
            "content_disposition": "",
            "content_encoding": "",
            "content_language": "",
            "content_type": "text/css; charset=utf-8",
            "etag": "ab01a9916fbf2d32c352126db2614775",
            "force_destroy": false,
            "id": "Blog.css",
            "key": "Blog.css",
            "kms_key_id": null,
            "metadata": {},
            "object_lock_legal_hold_status": "",
            "object_lock_mode": "",
            "object_lock_retain_until_date": "",
            "server_side_encryption": "AES256",
            "source": "./website-resources/Blog.css",
            "source_hash": null,
            "storage_class": "STANDARD",
            "tags": {},
            "tags_all": {},
            "version_id": "",
            "website_redirect": ""
          },
          "sensitive_attributes": [],
          "private": "bnVsbA=="
        },
        {
          "index_key": "Blog.html",
          "schema_version": 0,
          "attributes": {
            "acl": null,
            "bucket": "hms-victory",
            "bucket_key_enabled": false,
            "cache_control": "",
            "content": null,
            "content_base64": null,
            "content_disposition": "",
            "content_encoding": "",
            "content_language": "",
            "content_type": "text/html; charset=utf-8",
            "etag": "f34dfc20a1bf1f7adf2ee2da7fa060d0",
            "force_destroy": false,
            "id": "Blog.html",
            "key": "Blog.html",
            "kms_key_id": null,
            "metadata": {},
            "object_lock_legal_hold_status": "",
            "object_lock_mode": "",
            "object_lock_retain_until_date": "",
            "server_side_encryption": "AES256",
            "source": "./website-resources/Blog.html",
            "source_hash": null,
            "storage_class": "STANDARD",
            "tags": {},
            "tags_all": {},
            "version_id": "",
            "website_redirect": ""
          },
          "sensitive_attributes": [],
          "private": "bnVsbA=="
        },
        {
          "index_key": "Contact.css",
          "schema_version": 0,
          "attributes": {
            "acl": null,
            "bucket": "hms-victory",
            "bucket_key_enabled": false,
            "cache_control": "",
            "content": null,
            "content_base64": null,
            "content_disposition": "",
            "content_encoding": "",
            "content_language": "",
            "content_type": "text/css; charset=utf-8",
            "etag": "bfb873f3a70e48e3b1a40c3c369ab595",
            "force_destroy": false,
            "id": "Contact.css",
            "key": "Contact.css",
            "kms_key_id": null,
            "metadata": {},
            "object_lock_legal_hold_status": "",
            "object_lock_mode": "",
            "object_lock_retain_until_date": "",
            "server_side_encryption": "AES256",
            "source": "./website-resources/Contact.css",
            "source_hash": null,
            "storage_class": "STANDARD",
            "tags": {},
            "tags_all": {},
            "version_id": "",
            "website_redirect": ""
          },
          "sensitive_attributes": [],
          "private": "bnVsbA=="
        },
        {
          "index_key": "Contact.html",
          "schema_version": 0,
          "attributes": {
            "acl": null,
            "bucket": "hms-victory",
            "bucket_key_enabled": false,
            "cache_control": "",
            "content": null,
            "content_base64": null,
            "content_disposition": "",
            "content_encoding": "",
            "content_language": "",
            "content_type": "text/html; charset=utf-8",
            "etag": "f3860c1155446587585111cb88194fdf",
            "force_destroy": false,
            "id": "Contact.html",
            "key": "Contact.html",
            "kms_key_id": null,
            "metadata": {},
            "object_lock_legal_hold_status": "",
            "object_lock_mode": "",
            "object_lock_retain_until_date": "",
            "server_side_encryption": "AES256",
            "source": "./website-resources/Contact.html",
            "source_hash": null,
            "storage_class": "STANDARD",
            "tags": {},
            "tags_all": {},
            "version_id": "",
            "website_redirect": ""
          },
          "sensitive_attributes": [],
          "private": "bnVsbA=="
        },
        {
          "index_key": "Home.css",
          "schema_version": 0,
          "attributes": {
            "acl": null,
            "bucket": "hms-victory",
            "bucket_key_enabled": false,
            "cache_control": "",
            "content": null,
            "content_base64": null,
            "content_disposition": "",
            "content_encoding": "",
            "content_language": "",
            "content_type": "text/css; charset=utf-8",
            "etag": "ffc670c708efede5c5c271758bff52f4",
            "force_destroy": false,
            "id": "Home.css",
            "key": "Home.css",
            "kms_key_id": null,
            "metadata": {},
            "object_lock_legal_hold_status": "",
            "object_lock_mode": "",
            "object_lock_retain_until_date": "",
            "server_side_encryption": "AES256",
            "source": "./website-resources/Home.css",
            "source_hash": null,
            "storage_class": "STANDARD",
            "tags": {},
            "tags_all": {},
            "version_id": "",
            "website_redirect": ""
          },
          "sensitive_attributes": [],
          "private": "bnVsbA=="
        },
        {
          "index_key": "Home.html",
          "schema_version": 0,
          "attributes": {
            "acl": null,
            "bucket": "hms-victory",
            "bucket_key_enabled": false,
            "cache_control": "",
            "content": null,
            "content_base64": null,
            "content_disposition": "",
            "content_encoding": "",
            "content_language": "",
            "content_type": "text/html; charset=utf-8",
            "etag": "ecdffd47ed1abe4eac9eb3c97d2e3996",
            "force_destroy": false,
            "id": "Home.html",
            "key": "Home.html",
            "kms_key_id": null,
            "metadata": {},
            "object_lock_legal_hold_status": "",
            "object_lock_mode": "",
            "object_lock_retain_until_date": "",
            "server_side_encryption": "AES256",
            "source": "./website-resources/Home.html",
            "source_hash": null,
            "storage_class": "STANDARD",
            "tags": {},
            "tags_all": {},
            "version_id": "",
            "website_redirect": ""
          },
          "sensitive_attributes": [],
          "private": "bnVsbA=="
        },
        {
          "index_key": "Page-1.css",
          "schema_version": 0,
          "attributes": {
            "acl": null,
            "bucket": "hms-victory",
            "bucket_key_enabled": false,
            "cache_control": "",
            "content": null,
            "content_base64": null,
            "content_disposition": "",
            "content_encoding": "",
            "content_language": "",
            "content_type": "text/css; charset=utf-8",
            "etag": "451afc4088d917abdeefb2eaebc5e123",
            "force_destroy": false,
            "id": "Page-1.css",
            "key": "Page-1.css",
            "kms_key_id": null,
            "metadata": {},
            "object_lock_legal_hold_status": "",
            "object_lock_mode": "",
            "object_lock_retain_until_date": "",
            "server_side_encryption": "AES256",
            "source": "./website-resources/Page-1.css",
            "source_hash": null,
            "storage_class": "STANDARD",
            "tags": {},
            "tags_all": {},
            "version_id": "",
            "website_redirect": ""
          },
          "sensitive_attributes": [],
          "private": "bnVsbA=="
        },
        {
          "index_key": "Page-1.html",
          "schema_version": 0,
          "attributes": {
            "acl": null,
            "bucket": "hms-victory",
            "bucket_key_enabled": false,
            "cache_control": "",
            "content": null,
            "content_base64": null,
            "content_disposition": "",
            "content_encoding": "",
            "content_language": "",
            "content_type": "text/html; charset=utf-8",
            "etag": "be8c71f85954749607a650fd9a6b8820",
            "force_destroy": false,
            "id": "Page-1.html",
            "key": "Page-1.html",
            "kms_key_id": null,
            "metadata": {},
            "object_lock_legal_hold_status": "",
            "object_lock_mode": "",
            "object_lock_retain_until_date": "",
            "server_side_encryption": "AES256",
            "source": "./website-resources/Page-1.html",
            "source_hash": null,
            "storage_class": "STANDARD",
            "tags": {},
            "tags_all": {},
            "version_id": "",
            "website_redirect": ""
          },
          "sensitive_attributes": [],
          "private": "bnVsbA=="
        },
        {
          "index_key": "Post-Template.css",
          "schema_version": 0,
          "attributes": {
            "acl": null,
            "bucket": "hms-victory",
            "bucket_key_enabled": false,
            "cache_control": "",
            "content": null,
            "content_base64": null,
            "content_disposition": "",
            "content_encoding": "",
            "content_language": "",
            "content_type": "text/css; charset=utf-8",
            "etag": "242cea5a1743c1fa4075c51434ef5449",
            "force_destroy": false,
            "id": "Post-Template.css",
            "key": "Post-Template.css",
            "kms_key_id": null,
            "metadata": {},
            "object_lock_legal_hold_status": "",
            "object_lock_mode": "",
            "object_lock_retain_until_date": "",
            "server_side_encryption": "AES256",
            "source": "./website-resources/Post-Template.css",
            "source_hash": null,
            "storage_class": "STANDARD",
            "tags": {},
            "tags_all": {},
            "version_id": "",
            "website_redirect": ""
          },
          "sensitive_attributes": [],
          "private": "bnVsbA=="
        },
        {
          "index_key": "Step-10.css",
          "schema_version": 0,
          "attributes": {
            "acl": null,
            "bucket": "hms-victory",
            "bucket_key_enabled": false,
            "cache_control": "",
            "content": null,
            "content_base64": null,
            "content_disposition": "",
            "content_encoding": "",
            "content_language": "",
            "content_type": "text/css; charset=utf-8",
            "etag": "451afc4088d917abdeefb2eaebc5e123",
            "force_destroy": false,
            "id": "Step-10.css",
            "key": "Step-10.css",
            "kms_key_id": null,
            "metadata": {},
            "object_lock_legal_hold_status": "",
            "object_lock_mode": "",
            "object_lock_retain_until_date": "",
            "server_side_encryption": "AES256",
            "source": "./website-resources/Step-10.css",
            "source_hash": null,
            "storage_class": "STANDARD",
            "tags": {},
            "tags_all": {},
            "version_id": "",
            "website_redirect": ""
          },
          "sensitive_attributes": [],
          "private": "bnVsbA=="
        },
        {
          "index_key": "Step-10.html",
          "schema_version": 0,
          "attributes": {
            "acl": null,
            "bucket": "hms-victory",
            "bucket_key_enabled": false,
            "cache_control": "",
            "content": null,
            "content_base64": null,
            "content_disposition": "",
            "content_encoding": "",
            "content_language": "",
            "content_type": "text/html; charset=utf-8",
            "etag": "26baa24c4eb21c019a6bfcf926fa186b",
            "force_destroy": false,
            "id": "Step-10.html",
            "key": "Step-10.html",
            "kms_key_id": null,
            "metadata": {},
            "object_lock_legal_hold_status": "",
            "object_lock_mode": "",
            "object_lock_retain_until_date": "",
            "server_side_encryption": "AES256",
            "source": "./website-resources/Step-10.html",
            "source_hash": null,
            "storage_class": "STANDARD",
            "tags": {},
            "tags_all": {},
            "version_id": "",
            "website_redirect": ""
          },
          "sensitive_attributes": [],
          "private": "bnVsbA=="
        },
        {
          "index_key": "Step-11.css",
          "schema_version": 0,
          "attributes": {
            "acl": null,
            "bucket": "hms-victory",
            "bucket_key_enabled": false,
            "cache_control": "",
            "content": null,
            "content_base64": null,
            "content_disposition": "",
            "content_encoding": "",
            "content_language": "",
            "content_type": "text/css; charset=utf-8",
            "etag": "451afc4088d917abdeefb2eaebc5e123",
            "force_destroy": false,
            "id": "Step-11.css",
            "key": "Step-11.css",
            "kms_key_id": null,
            "metadata": {},
            "object_lock_legal_hold_status": "",
            "object_lock_mode": "",
            "object_lock_retain_until_date": "",
            "server_side_encryption": "AES256",
            "source": "./website-resources/Step-11.css",
            "source_hash": null,
            "storage_class": "STANDARD",
            "tags": {},
            "tags_all": {},
            "version_id": "",
            "website_redirect": ""
          },
          "sensitive_attributes": [],
          "private": "bnVsbA=="
        },
        {
          "index_key": "Step-11.html",
          "schema_version": 0,
          "attributes": {
            "acl": null,
            "bucket": "hms-victory",
            "bucket_key_enabled": false,
            "cache_control": "",
            "content": null,
            "content_base64": null,
            "content_disposition": "",
            "content_encoding": "",
            "content_language": "",
            "content_type": "text/html; charset=utf-8",
            "etag": "888fdf75b32a91e953649e130026fa98",
            "force_destroy": false,
            "id": "Step-11.html",
            "key": "Step-11.html",
            "kms_key_id": null,
            "metadata": {},
            "object_lock_legal_hold_status": "",
            "object_lock_mode": "",
            "object_lock_retain_until_date": "",
            "server_side_encryption": "AES256",
            "source": "./website-resources/Step-11.html",
            "source_hash": null,
            "storage_class": "STANDARD",
            "tags": {},
            "tags_all": {},
            "version_id": "",
            "website_redirect": ""
          },
          "sensitive_attributes": [],
          "private": "bnVsbA=="
        },
        {
          "index_key": "Step-12.css",
          "schema_version": 0,
          "attributes": {
            "acl": null,
            "bucket": "hms-victory",
            "bucket_key_enabled": false,
            "cache_control": "",
            "content": null,
            "content_base64": null,
            "content_disposition": "",
            "content_encoding": "",
            "content_language": "",
            "content_type": "text/css; charset=utf-8",
            "etag": "451afc4088d917abdeefb2eaebc5e123",
            "force_destroy": false,
            "id": "Step-12.css",
            "key": "Step-12.css",
            "kms_key_id": null,
            "metadata": {},
            "object_lock_legal_hold_status": "",
            "object_lock_mode": "",
            "object_lock_retain_until_date": "",
            "server_side_encryption": "AES256",
            "source": "./website-resources/Step-12.css",
            "source_hash": null,
            "storage_class": "STANDARD",
            "tags": {},
            "tags_all": {},
            "version_id": "",
            "website_redirect": ""
          },
          "sensitive_attributes": [],
          "private": "bnVsbA=="
        },
        {
          "index_key": "Step-12.html",
          "schema_version": 0,
          "attributes": {
            "acl": null,
            "bucket": "hms-victory",
            "bucket_key_enabled": false,
            "cache_control": "",
            "content": null,
            "content_base64": null,
            "content_disposition": "",
            "content_encoding": "",
            "content_language": "",
            "content_type": "text/html; charset=utf-8",
            "etag": "79deef26889284e4b5df30468579ed9d",
            "force_destroy": false,
            "id": "Step-12.html",
            "key": "Step-12.html",
            "kms_key_id": null,
            "metadata": {},
            "object_lock_legal_hold_status": "",
            "object_lock_mode": "",
            "object_lock_retain_until_date": "",
            "server_side_encryption": "AES256",
            "source": "./website-resources/Step-12.html",
            "source_hash": null,
            "storage_class": "STANDARD",
            "tags": {},
            "tags_all": {},
            "version_id": "",
            "website_redirect": ""
          },
          "sensitive_attributes": [],
          "private": "bnVsbA=="
        },
        {
          "index_key": "Step-13.css",
          "schema_version": 0,
          "attributes": {
            "acl": null,
            "bucket": "hms-victory",
            "bucket_key_enabled": false,
            "cache_control": "",
            "content": null,
            "content_base64": null,
            "content_disposition": "",
            "content_encoding": "",
            "content_language": "",
            "content_type": "text/css; charset=utf-8",
            "etag": "451afc4088d917abdeefb2eaebc5e123",
            "force_destroy": false,
            "id": "Step-13.css",
            "key": "Step-13.css",
            "kms_key_id": null,
            "metadata": {},
            "object_lock_legal_hold_status": "",
            "object_lock_mode": "",
            "object_lock_retain_until_date": "",
            "server_side_encryption": "AES256",
            "source": "./website-resources/Step-13.css",
            "source_hash": null,
            "storage_class": "STANDARD",
            "tags": {},
            "tags_all": {},
            "version_id": "",
            "website_redirect": ""
          },
          "sensitive_attributes": [],
          "private": "bnVsbA=="
        },
        {
          "index_key": "Step-13.html",
          "schema_version": 0,
          "attributes": {
            "acl": null,
            "bucket": "hms-victory",
            "bucket_key_enabled": false,
            "cache_control": "",
            "content": null,
            "content_base64": null,
            "content_disposition": "",
            "content_encoding": "",
            "content_language": "",
            "content_type": "text/html; charset=utf-8",
            "etag": "01d7a5623c2a4c21fe09727d5e37d756",
            "force_destroy": false,
            "id": "Step-13.html",
            "key": "Step-13.html",
            "kms_key_id": null,
            "metadata": {},
            "object_lock_legal_hold_status": "",
            "object_lock_mode": "",
            "object_lock_retain_until_date": "",
            "server_side_encryption": "AES256",
            "source": "./website-resources/Step-13.html",
            "source_hash": null,
            "storage_class": "STANDARD",
            "tags": {},
            "tags_all": {},
            "version_id": "",
            "website_redirect": ""
          },
          "sensitive_attributes": [],
          "private": "bnVsbA=="
        },
        {
          "index_key": "Step-14.css",
          "schema_version": 0,
          "attributes": {
            "acl": null,
            "bucket": "hms-victory",
            "bucket_key_enabled": false,
            "cache_control": "",
            "content": null,
            "content_base64": null,
            "content_disposition": "",
            "content_encoding": "",
            "content_language": "",
            "content_type": "text/css; charset=utf-8",
            "etag": "451afc4088d917abdeefb2eaebc5e123",
            "force_destroy": false,
            "id": "Step-14.css",
            "key": "Step-14.css",
            "kms_key_id": null,
            "metadata": {},
            "object_lock_legal_hold_status": "",
            "object_lock_mode": "",
            "object_lock_retain_until_date": "",
            "server_side_encryption": "AES256",
            "source": "./website-resources/Step-14.css",
            "source_hash": null,
            "storage_class": "STANDARD",
            "tags": {},
            "tags_all": {},
            "version_id": "",
            "website_redirect": ""
          },
          "sensitive_attributes": [],
          "private": "bnVsbA=="
        },
        {
          "index_key": "Step-14.html",
          "schema_version": 0,
          "attributes": {
            "acl": null,
            "bucket": "hms-victory",
            "bucket_key_enabled": false,
            "cache_control": "",
            "content": null,
            "content_base64": null,
            "content_disposition": "",
            "content_encoding": "",
            "content_language": "",
            "content_type": "text/html; charset=utf-8",
            "etag": "da701040499b9c3421e2c063ca895891",
            "force_destroy": false,
            "id": "Step-14.html",
            "key": "Step-14.html",
            "kms_key_id": null,
            "metadata": {},
            "object_lock_legal_hold_status": "",
            "object_lock_mode": "",
            "object_lock_retain_until_date": "",
            "server_side_encryption": "AES256",
            "source": "./website-resources/Step-14.html",
            "source_hash": null,
            "storage_class": "STANDARD",
            "tags": {},
            "tags_all": {},
            "version_id": "",
            "website_redirect": ""
          },
          "sensitive_attributes": [],
          "private": "bnVsbA=="
        },
        {
          "index_key": "Step-15.css",
          "schema_version": 0,
          "attributes": {
            "acl": null,
            "bucket": "hms-victory",
            "bucket_key_enabled": false,
            "cache_control": "",
            "content": null,
            "content_base64": null,
            "content_disposition": "",
            "content_encoding": "",
            "content_language": "",
            "content_type": "text/css; charset=utf-8",
            "etag": "451afc4088d917abdeefb2eaebc5e123",
            "force_destroy": false,
            "id": "Step-15.css",
            "key": "Step-15.css",
            "kms_key_id": null,
            "metadata": {},
            "object_lock_legal_hold_status": "",
            "object_lock_mode": "",
            "object_lock_retain_until_date": "",
            "server_side_encryption": "AES256",
            "source": "./website-resources/Step-15.css",
            "source_hash": null,
            "storage_class": "STANDARD",
            "tags": {},
            "tags_all": {},
            "version_id": "",
            "website_redirect": ""
          },
          "sensitive_attributes": [],
          "private": "bnVsbA=="
        },
        {
          "index_key": "Step-15.html",
          "schema_version": 0,
          "attributes": {
            "acl": null,
            "bucket": "hms-victory",
            "bucket_key_enabled": false,
            "cache_control": "",
            "content": null,
            "content_base64": null,
            "content_disposition": "",
            "content_encoding": "",
            "content_language": "",
            "content_type": "text/html; charset=utf-8",
            "etag": "734fceeaf4e6225e34d380a00c7f99ac",
            "force_destroy": false,
            "id": "Step-15.html",
            "key": "Step-15.html",
            "kms_key_id": null,
            "metadata": {},
            "object_lock_legal_hold_status": "",
            "object_lock_mode": "",
            "object_lock_retain_until_date": "",
            "server_side_encryption": "AES256",
            "source": "./website-resources/Step-15.html",
            "source_hash": null,
            "storage_class": "STANDARD",
            "tags": {},
            "tags_all": {},
            "version_id": "",
            "website_redirect": ""
          },
          "sensitive_attributes": [],
          "private": "bnVsbA=="
        },
        {
          "index_key": "Step-16.css",
          "schema_version": 0,
          "attributes": {
            "acl": null,
            "bucket": "hms-victory",
            "bucket_key_enabled": false,
            "cache_control": "",
            "content": null,
            "content_base64": null,
            "content_disposition": "",
            "content_encoding": "",
            "content_language": "",
            "content_type": "text/css; charset=utf-8",
            "etag": "451afc4088d917abdeefb2eaebc5e123",
            "force_destroy": false,
            "id": "Step-16.css",
            "key": "Step-16.css",
            "kms_key_id": null,
            "metadata": {},
            "object_lock_legal_hold_status": "",
            "object_lock_mode": "",
            "object_lock_retain_until_date": "",
            "server_side_encryption": "AES256",
            "source": "./website-resources/Step-16.css",
            "source_hash": null,
            "storage_class": "STANDARD",
            "tags": {},
            "tags_all": {},
            "version_id": "",
            "website_redirect": ""
          },
          "sensitive_attributes": [],
          "private": "bnVsbA=="
        },
        {
          "index_key": "Step-16.html",
          "schema_version": 0,
          "attributes": {
            "acl": null,
            "bucket": "hms-victory",
            "bucket_key_enabled": false,
            "cache_control": "",
            "content": null,
            "content_base64": null,
            "content_disposition": "",
            "content_encoding": "",
            "content_language": "",
            "content_type": "text/html; charset=utf-8",
            "etag": "082f062616b445d38e37153e2d70568a",
            "force_destroy": false,
            "id": "Step-16.html",
            "key": "Step-16.html",
            "kms_key_id": null,
            "metadata": {},
            "object_lock_legal_hold_status": "",
            "object_lock_mode": "",
            "object_lock_retain_until_date": "",
            "server_side_encryption": "AES256",
            "source": "./website-resources/Step-16.html",
            "source_hash": null,
            "storage_class": "STANDARD",
            "tags": {},
            "tags_all": {},
            "version_id": "",
            "website_redirect": ""
          },
          "sensitive_attributes": [],
          "private": "bnVsbA=="
        },
        {
          "index_key": "Step-2.css",
          "schema_version": 0,
          "attributes": {
            "acl": null,
            "bucket": "hms-victory",
            "bucket_key_enabled": false,
            "cache_control": "",
            "content": null,
            "content_base64": null,
            "content_disposition": "",
            "content_encoding": "",
            "content_language": "",
            "content_type": "text/css; charset=utf-8",
            "etag": "451afc4088d917abdeefb2eaebc5e123",
            "force_destroy": false,
            "id": "Step-2.css",
            "key": "Step-2.css",
            "kms_key_id": null,
            "metadata": {},
            "object_lock_legal_hold_status": "",
            "object_lock_mode": "",
            "object_lock_retain_until_date": "",
            "server_side_encryption": "AES256",
            "source": "./website-resources/Step-2.css",
            "source_hash": null,
            "storage_class": "STANDARD",
            "tags": {},
            "tags_all": {},
            "version_id": "",
            "website_redirect": ""
          },
          "sensitive_attributes": [],
          "private": "bnVsbA=="
        },
        {
          "index_key": "Step-2.html",
          "schema_version": 0,
          "attributes": {
            "acl": null,
            "bucket": "hms-victory",
            "bucket_key_enabled": false,
            "cache_control": "",
            "content": null,
            "content_base64": null,
            "content_disposition": "",
            "content_encoding": "",
            "content_language": "",
            "content_type": "text/html; charset=utf-8",
            "etag": "e7152f9535adefd29578671f24b132e4",
            "force_destroy": false,
            "id": "Step-2.html",
            "key": "Step-2.html",
            "kms_key_id": null,
            "metadata": {},
            "object_lock_legal_hold_status": "",
            "object_lock_mode": "",
            "object_lock_retain_until_date": "",
            "server_side_encryption": "AES256",
            "source": "./website-resources/Step-2.html",
            "source_hash": null,
            "storage_class": "STANDARD",
            "tags": {},
            "tags_all": {},
            "version_id": "",
            "website_redirect": ""
          },
          "sensitive_attributes": [],
          "private": "bnVsbA=="
        },
        {
          "index_key": "Step-3.css",
          "schema_version": 0,
          "attributes": {
            "acl": null,
            "bucket": "hms-victory",
            "bucket_key_enabled": false,
            "cache_control": "",
            "content": null,
            "content_base64": null,
            "content_disposition": "",
            "content_encoding": "",
            "content_language": "",
            "content_type": "text/css; charset=utf-8",
            "etag": "451afc4088d917abdeefb2eaebc5e123",
            "force_destroy": false,
            "id": "Step-3.css",
            "key": "Step-3.css",
            "kms_key_id": null,
            "metadata": {},
            "object_lock_legal_hold_status": "",
            "object_lock_mode": "",
            "object_lock_retain_until_date": "",
            "server_side_encryption": "AES256",
            "source": "./website-resources/Step-3.css",
            "source_hash": null,
            "storage_class": "STANDARD",
            "tags": {},
            "tags_all": {},
            "version_id": "",
            "website_redirect": ""
          },
          "sensitive_attributes": [],
          "private": "bnVsbA=="
        },
        {
          "index_key": "Step-3.html",
          "schema_version": 0,
          "attributes": {
            "acl": null,
            "bucket": "hms-victory",
            "bucket_key_enabled": false,
            "cache_control": "",
            "content": null,
            "content_base64": null,
            "content_disposition": "",
            "content_encoding": "",
            "content_language": "",
            "content_type": "text/html; charset=utf-8",
            "etag": "f336fbe4bf1f3548e7cc72e19a9ef5e2",
            "force_destroy": false,
            "id": "Step-3.html",
            "key": "Step-3.html",
            "kms_key_id": null,
            "metadata": {},
            "object_lock_legal_hold_status": "",
            "object_lock_mode": "",
            "object_lock_retain_until_date": "",
            "server_side_encryption": "AES256",
            "source": "./website-resources/Step-3.html",
            "source_hash": null,
            "storage_class": "STANDARD",
            "tags": {},
            "tags_all": {},
            "version_id": "",
            "website_redirect": ""
          },
          "sensitive_attributes": [],
          "private": "bnVsbA=="
        },
        {
          "index_key": "Step-4.css",
          "schema_version": 0,
          "attributes": {
            "acl": null,
            "bucket": "hms-victory",
            "bucket_key_enabled": false,
            "cache_control": "",
            "content": null,
            "content_base64": null,
            "content_disposition": "",
            "content_encoding": "",
            "content_language": "",
            "content_type": "text/css; charset=utf-8",
            "etag": "451afc4088d917abdeefb2eaebc5e123",
            "force_destroy": false,
            "id": "Step-4.css",
            "key": "Step-4.css",
            "kms_key_id": null,
            "metadata": {},
            "object_lock_legal_hold_status": "",
            "object_lock_mode": "",
            "object_lock_retain_until_date": "",
            "server_side_encryption": "AES256",
            "source": "./website-resources/Step-4.css",
            "source_hash": null,
            "storage_class": "STANDARD",
            "tags": {},
            "tags_all": {},
            "version_id": "",
            "website_redirect": ""
          },
          "sensitive_attributes": [],
          "private": "bnVsbA=="
        },
        {
          "index_key": "Step-4.html",
          "schema_version": 0,
          "attributes": {
            "acl": null,
            "bucket": "hms-victory",
            "bucket_key_enabled": false,
            "cache_control": "",
            "content": null,
            "content_base64": null,
            "content_disposition": "",
            "content_encoding": "",
            "content_language": "",
            "content_type": "text/html; charset=utf-8",
            "etag": "c2c5b923a51695f6468e7e7e4f8d6cee",
            "force_destroy": false,
            "id": "Step-4.html",
            "key": "Step-4.html",
            "kms_key_id": null,
            "metadata": {},
            "object_lock_legal_hold_status": "",
            "object_lock_mode": "",
            "object_lock_retain_until_date": "",
            "server_side_encryption": "AES256",
            "source": "./website-resources/Step-4.html",
            "source_hash": null,
            "storage_class": "STANDARD",
            "tags": {},
            "tags_all": {},
            "version_id": "",
            "website_redirect": ""
          },
          "sensitive_attributes": [],
          "private": "bnVsbA=="
        },
        {
          "index_key": "Step-5.css",
          "schema_version": 0,
          "attributes": {
            "acl": null,
            "bucket": "hms-victory",
            "bucket_key_enabled": false,
            "cache_control": "",
            "content": null,
            "content_base64": null,
            "content_disposition": "",
            "content_encoding": "",
            "content_language": "",
            "content_type": "text/css; charset=utf-8",
            "etag": "451afc4088d917abdeefb2eaebc5e123",
            "force_destroy": false,
            "id": "Step-5.css",
            "key": "Step-5.css",
            "kms_key_id": null,
            "metadata": {},
            "object_lock_legal_hold_status": "",
            "object_lock_mode": "",
            "object_lock_retain_until_date": "",
            "server_side_encryption": "AES256",
            "source": "./website-resources/Step-5.css",
            "source_hash": null,
            "storage_class": "STANDARD",
            "tags": {},
            "tags_all": {},
            "version_id": "",
            "website_redirect": ""
          },
          "sensitive_attributes": [],
          "private": "bnVsbA=="
        },
        {
          "index_key": "Step-5.html",
          "schema_version": 0,
          "attributes": {
            "acl": null,
            "bucket": "hms-victory",
            "bucket_key_enabled": false,
            "cache_control": "",
            "content": null,
            "content_base64": null,
            "content_disposition": "",
            "content_encoding": "",
            "content_language": "",
            "content_type": "text/html; charset=utf-8",
            "etag": "617b1ca5cdf107fddf728cc3ed04fc91",
            "force_destroy": false,
            "id": "Step-5.html",
            "key": "Step-5.html",
            "kms_key_id": null,
            "metadata": {},
            "object_lock_legal_hold_status": "",
            "object_lock_mode": "",
            "object_lock_retain_until_date": "",
            "server_side_encryption": "AES256",
            "source": "./website-resources/Step-5.html",
            "source_hash": null,
            "storage_class": "STANDARD",
            "tags": {},
            "tags_all": {},
            "version_id": "",
            "website_redirect": ""
          },
          "sensitive_attributes": [],
          "private": "bnVsbA=="
        },
        {
          "index_key": "Step-6.css",
          "schema_version": 0,
          "attributes": {
            "acl": null,
            "bucket": "hms-victory",
            "bucket_key_enabled": false,
            "cache_control": "",
            "content": null,
            "content_base64": null,
            "content_disposition": "",
            "content_encoding": "",
            "content_language": "",
            "content_type": "text/css; charset=utf-8",
            "etag": "451afc4088d917abdeefb2eaebc5e123",
            "force_destroy": false,
            "id": "Step-6.css",
            "key": "Step-6.css",
            "kms_key_id": null,
            "metadata": {},
            "object_lock_legal_hold_status": "",
            "object_lock_mode": "",
            "object_lock_retain_until_date": "",
            "server_side_encryption": "AES256",
            "source": "./website-resources/Step-6.css",
            "source_hash": null,
            "storage_class": "STANDARD",
            "tags": {},
            "tags_all": {},
            "version_id": "",
            "website_redirect": ""
          },
          "sensitive_attributes": [],
          "private": "bnVsbA=="
        },
        {
          "index_key": "Step-6.html",
          "schema_version": 0,
          "attributes": {
            "acl": null,
            "bucket": "hms-victory",
            "bucket_key_enabled": false,
            "cache_control": "",
            "content": null,
            "content_base64": null,
            "content_disposition": "",
            "content_encoding": "",
            "content_language": "",
            "content_type": "text/html; charset=utf-8",
            "etag": "ead4019de2491f7588d534330a95be9f",
            "force_destroy": false,
            "id": "Step-6.html",
            "key": "Step-6.html",
            "kms_key_id": null,
            "metadata": {},
            "object_lock_legal_hold_status": "",
            "object_lock_mode": "",
            "object_lock_retain_until_date": "",
            "server_side_encryption": "AES256",
            "source": "./website-resources/Step-6.html",
            "source_hash": null,
            "storage_class": "STANDARD",
            "tags": {},
            "tags_all": {},
            "version_id": "",
            "website_redirect": ""
          },
          "sensitive_attributes": [],
          "private": "bnVsbA=="
        },
        {
          "index_key": "Step-7.css",
          "schema_version": 0,
          "attributes": {
            "acl": null,
            "bucket": "hms-victory",
            "bucket_key_enabled": false,
            "cache_control": "",
            "content": null,
            "content_base64": null,
            "content_disposition": "",
            "content_encoding": "",
            "content_language": "",
            "content_type": "text/css; charset=utf-8",
            "etag": "451afc4088d917abdeefb2eaebc5e123",
            "force_destroy": false,
            "id": "Step-7.css",
            "key": "Step-7.css",
            "kms_key_id": null,
            "metadata": {},
            "object_lock_legal_hold_status": "",
            "object_lock_mode": "",
            "object_lock_retain_until_date": "",
            "server_side_encryption": "AES256",
            "source": "./website-resources/Step-7.css",
            "source_hash": null,
            "storage_class": "STANDARD",
            "tags": {},
            "tags_all": {},
            "version_id": "",
            "website_redirect": ""
          },
          "sensitive_attributes": [],
          "private": "bnVsbA=="
        },
        {
          "index_key": "Step-7.html",
          "schema_version": 0,
          "attributes": {
            "acl": null,
            "bucket": "hms-victory",
            "bucket_key_enabled": false,
            "cache_control": "",
            "content": null,
            "content_base64": null,
            "content_disposition": "",
            "content_encoding": "",
            "content_language": "",
            "content_type": "text/html; charset=utf-8",
            "etag": "60f59937d11f9632e2be763974646ded",
            "force_destroy": false,
            "id": "Step-7.html",
            "key": "Step-7.html",
            "kms_key_id": null,
            "metadata": {},
            "object_lock_legal_hold_status": "",
            "object_lock_mode": "",
            "object_lock_retain_until_date": "",
            "server_side_encryption": "AES256",
            "source": "./website-resources/Step-7.html",
            "source_hash": null,
            "storage_class": "STANDARD",
            "tags": {},
            "tags_all": {},
            "version_id": "",
            "website_redirect": ""
          },
          "sensitive_attributes": [],
          "private": "bnVsbA=="
        },
        {
          "index_key": "Step-8.css",
          "schema_version": 0,
          "attributes": {
            "acl": null,
            "bucket": "hms-victory",
            "bucket_key_enabled": false,
            "cache_control": "",
            "content": null,
            "content_base64": null,
            "content_disposition": "",
            "content_encoding": "",
            "content_language": "",
            "content_type": "text/css; charset=utf-8",
            "etag": "451afc4088d917abdeefb2eaebc5e123",
            "force_destroy": false,
            "id": "Step-8.css",
            "key": "Step-8.css",
            "kms_key_id": null,
            "metadata": {},
            "object_lock_legal_hold_status": "",
            "object_lock_mode": "",
            "object_lock_retain_until_date": "",
            "server_side_encryption": "AES256",
            "source": "./website-resources/Step-8.css",
            "source_hash": null,
            "storage_class": "STANDARD",
            "tags": {},
            "tags_all": {},
            "version_id": "",
            "website_redirect": ""
          },
          "sensitive_attributes": [],
          "private": "bnVsbA=="
        },
        {
          "index_key": "Step-8.html",
          "schema_version": 0,
          "attributes": {
            "acl": null,
            "bucket": "hms-victory",
            "bucket_key_enabled": false,
            "cache_control": "",
            "content": null,
            "content_base64": null,
            "content_disposition": "",
            "content_encoding": "",
            "content_language": "",
            "content_type": "text/html; charset=utf-8",
            "etag": "91174f5d39916baf4239b30160d21154",
            "force_destroy": false,
            "id": "Step-8.html",
            "key": "Step-8.html",
            "kms_key_id": null,
            "metadata": {},
            "object_lock_legal_hold_status": "",
            "object_lock_mode": "",
            "object_lock_retain_until_date": "",
            "server_side_encryption": "AES256",
            "source": "./website-resources/Step-8.html",
            "source_hash": null,
            "storage_class": "STANDARD",
            "tags": {},
            "tags_all": {},
            "version_id": "",
            "website_redirect": ""
          },
          "sensitive_attributes": [],
          "private": "bnVsbA=="
        },
        {
          "index_key": "Step-9.css",
          "schema_version": 0,
          "attributes": {
            "acl": null,
            "bucket": "hms-victory",
            "bucket_key_enabled": false,
            "cache_control": "",
            "content": null,
            "content_base64": null,
            "content_disposition": "",
            "content_encoding": "",
            "content_language": "",
            "content_type": "text/css; charset=utf-8",
            "etag": "451afc4088d917abdeefb2eaebc5e123",
            "force_destroy": false,
            "id": "Step-9.css",
            "key": "Step-9.css",
            "kms_key_id": null,
            "metadata": {},
            "object_lock_legal_hold_status": "",
            "object_lock_mode": "",
            "object_lock_retain_until_date": "",
            "server_side_encryption": "AES256",
            "source": "./website-resources/Step-9.css",
            "source_hash": null,
            "storage_class": "STANDARD",
            "tags": {},
            "tags_all": {},
            "version_id": "",
            "website_redirect": ""
          },
          "sensitive_attributes": [],
          "private": "bnVsbA=="
        },
        {
          "index_key": "Step-9.html",
          "schema_version": 0,
          "attributes": {
            "acl": null,
            "bucket": "hms-victory",
            "bucket_key_enabled": false,
            "cache_control": "",
            "content": null,
            "content_base64": null,
            "content_disposition": "",
            "content_encoding": "",
            "content_language": "",
            "content_type": "text/html; charset=utf-8",
            "etag": "e1e8c91214ab9ccd9c340c0fb856c567",
            "force_destroy": false,
            "id": "Step-9.html",
            "key": "Step-9.html",
            "kms_key_id": null,
            "metadata": {},
            "object_lock_legal_hold_status": "",
            "object_lock_mode": "",
            "object_lock_retain_until_date": "",
            "server_side_encryption": "AES256",
            "source": "./website-resources/Step-9.html",
            "source_hash": null,
            "storage_class": "STANDARD",
            "tags": {},
            "tags_all": {},
            "version_id": "",
            "website_redirect": ""
          },
          "sensitive_attributes": [],
          "private": "bnVsbA=="
        },
        {
          "index_key": "index.html",
          "schema_version": 0,
          "attributes": {
            "acl": null,
            "bucket": "hms-victory",
            "bucket_key_enabled": false,
            "cache_control": "",
            "content": null,
            "content_base64": null,
            "content_disposition": "",
            "content_encoding": "",
            "content_language": "",
            "content_type": "text/html; charset=utf-8",
            "etag": "44f615bbb035017bd435739cc2860b9b",
            "force_destroy": false,
            "id": "index.html",
            "key": "index.html",
            "kms_key_id": null,
            "metadata": {},
            "object_lock_legal_hold_status": "",
            "object_lock_mode": "",
            "object_lock_retain_until_date": "",
            "server_side_encryption": "AES256",
            "source": "./website-resources/index.html",
            "source_hash": null,
            "storage_class": "STANDARD",
            "tags": {},
            "tags_all": {},
            "version_id": "",
            "website_redirect": ""
          },
          "sensitive_attributes": [],
          "private": "bnVsbA=="
        },
        {
          "index_key": "jquery.js",
          "schema_version": 0,
          "attributes": {
            "acl": null,
            "bucket": "hms-victory",
            "bucket_key_enabled": false,
            "cache_control": "",
            "content": null,
            "content_base64": null,
            "content_disposition": "",
            "content_encoding": "",
            "content_language": "",
            "content_type": "application/javascript",
            "etag": "dc5e7f18c8d36ac1d3d4753a87c98d0a",
            "force_destroy": false,
            "id": "jquery.js",
            "key": "jquery.js",
            "kms_key_id": null,
            "metadata": {},
            "object_lock_legal_hold_status": "",
            "object_lock_mode": "",
            "object_lock_retain_until_date": "",
            "server_side_encryption": "AES256",
            "source": "./website-resources/jquery.js",
            "source_hash": null,
            "storage_class": "STANDARD",
            "tags": {},
            "tags_all": {},
            "version_id": "",
            "website_redirect": ""
          },
          "sensitive_attributes": [],
          "private": "bnVsbA=="
        },
        {
          "index_key": "nicepage.css",
          "schema_version": 0,
          "attributes": {
            "acl": null,
            "bucket": "hms-victory",
            "bucket_key_enabled": false,
            "cache_control": "",
            "content": null,
            "content_base64": null,
            "content_disposition": "",
            "content_encoding": "",
            "content_language": "",
            "content_type": "text/css; charset=utf-8",
            "etag": "cc16841b2c7774518bf9bb4f2f140ed4",
            "force_destroy": false,
            "id": "nicepage.css",
            "key": "nicepage.css",
            "kms_key_id": null,
            "metadata": {},
            "object_lock_legal_hold_status": "",
            "object_lock_mode": "",
            "object_lock_retain_until_date": "",
            "server_side_encryption": "AES256",
            "source": "./website-resources/nicepage.css",
            "source_hash": null,
            "storage_class": "STANDARD",
            "tags": {},
            "tags_all": {},
            "version_id": "",
            "website_redirect": ""
          },
          "sensitive_attributes": [],
          "private": "bnVsbA=="
        },
        {
          "index_key": "nicepage.js",
          "schema_version": 0,
          "attributes": {
            "acl": null,
            "bucket": "hms-victory",
            "bucket_key_enabled": false,
            "cache_control": "",
            "content": null,
            "content_base64": null,
            "content_disposition": "",
            "content_encoding": "",
            "content_language": "",
            "content_type": "application/javascript",
            "etag": "7e1089745e3d680d7f73783356b56dee",
            "force_destroy": false,
            "id": "nicepage.js",
            "key": "nicepage.js",
            "kms_key_id": null,
            "metadata": {},
            "object_lock_legal_hold_status": "",
            "object_lock_mode": "",
            "object_lock_retain_until_date": "",
            "server_side_encryption": "AES256",
            "source": "./website-resources/nicepage.js",
            "source_hash": null,
            "storage_class": "STANDARD",
            "tags": {},
            "tags_all": {},
            "version_id": "",
            "website_redirect": ""
          },
          "sensitive_attributes": [],
          "private": "bnVsbA=="
        }
      ]
    }
  ],
  "check_results": null
}
